
Microsoft Visual Studio Solution File, Format Version 12.00
# Visual Studio Express 2012 for Windows Desktop
Project("{FAE04EC0-301F-11D3-BF4B-00C04F79EFBC}") = "Samba.Presentation", "Samba.Presentation\Samba.Presentation.csproj", "{B58CBF09-52EA-4466-B5D2-2664018E7561}"
EndProject
Project("{2150E333-8FDC-42A3-9474-1A3956D46DE8}") = "1. Presentation Layer", "1. Presentation Layer", "{EBD09D7D-66B5-4DA4-ABB3-3F511769CF7D}"
EndProject
Project("{2150E333-8FDC-42A3-9474-1A3956D46DE8}") = "4. Domain Layer", "4. Domain Layer", "{CCCD8759-7910-4C0A-9989-E92253D94703}"
EndProject
Project("{FAE04EC0-301F-11D3-BF4B-00C04F79EFBC}") = "Samba.Domain", "Samba.Domain\Samba.Domain.csproj", "{2386F6A0-91B2-4D1A-8DBC-92109924AFFE}"
EndProject
Project("{FAE04EC0-301F-11D3-BF4B-00C04F79EFBC}") = "Samba.Infrastructure", "Samba.Infrastructure\Samba.Infrastructure.csproj", "{B184E8F8-A507-4C3D-B580-184E3776A95C}"
EndProject
Project("{2150E333-8FDC-42A3-9474-1A3956D46DE8}") = "Libs", "Libs", "{BE3BEF2C-C390-42F3-8142-ECD1E9914409}"
	ProjectSection(SolutionItems) = preProject
		Lib\AxInterop.cidv5callerid.dll = Lib\AxInterop.cidv5callerid.dll
		Lib\EntityFramework.dll = Lib\EntityFramework.dll
		Lib\FluentMigrator.dll = Lib\FluentMigrator.dll
		Lib\FluentMigrator.Runner.dll = Lib\FluentMigrator.Runner.dll
		Lib\Interop.cidv5callerid.dll = Lib\Interop.cidv5callerid.dll
		Lib\Microsoft.Practices.Composite.dll = Lib\Microsoft.Practices.Composite.dll
		Lib\Microsoft.Practices.Composite.MefExtensions.dll = Lib\Microsoft.Practices.Composite.MefExtensions.dll
		Lib\Microsoft.Practices.Composite.Presentation.dll = Lib\Microsoft.Practices.Composite.Presentation.dll
		Lib\Microsoft.Practices.EnterpriseLibrary.Common.dll = Lib\Microsoft.Practices.EnterpriseLibrary.Common.dll
		Lib\Microsoft.Practices.EnterpriseLibrary.ExceptionHandling.dll = Lib\Microsoft.Practices.EnterpriseLibrary.ExceptionHandling.dll
		Lib\Microsoft.Practices.EnterpriseLibrary.ExceptionHandling.Logging.dll = Lib\Microsoft.Practices.EnterpriseLibrary.ExceptionHandling.Logging.dll
		Lib\Microsoft.Practices.EnterpriseLibrary.Logging.dll = Lib\Microsoft.Practices.EnterpriseLibrary.Logging.dll
		Lib\Microsoft.Practices.EnterpriseLibrary.Validation.dll = Lib\Microsoft.Practices.EnterpriseLibrary.Validation.dll
		Lib\Microsoft.Practices.EnterpriseLibrary.Validation.Integration.WPF.dll = Lib\Microsoft.Practices.EnterpriseLibrary.Validation.Integration.WPF.dll
		Lib\Microsoft.Practices.ServiceLocation.dll = Lib\Microsoft.Practices.ServiceLocation.dll
		Lib\Microsoft.Practices.Unity.Configuration.dll = Lib\Microsoft.Practices.Unity.Configuration.dll
		Lib\Microsoft.Practices.Unity.dll = Lib\Microsoft.Practices.Unity.dll
		Lib\Microsoft.Practices.Unity.Interception.dll = Lib\Microsoft.Practices.Unity.Interception.dll
	EndProjectSection
EndProject
Project("{2150E333-8FDC-42A3-9474-1A3956D46DE8}") = "3. Persistence Layer", "3. Persistence Layer", "{FEC2F6B9-AF96-49AC-8598-9F66FE8D130D}"
EndProject
Project("{2150E333-8FDC-42A3-9474-1A3956D46DE8}") = "5. Infrastructure Layer", "5. Infrastructure Layer", "{4E2BB083-56B6-4323-9620-3F53F0774609}"
EndProject
Project("{FAE04EC0-301F-11D3-BF4B-00C04F79EFBC}") = "Samba.LoginModule", "Samba.Modules.LoginModule\Samba.LoginModule.csproj", "{6A64EA38-3CED-4810-BB79-0EBA0A70B38E}"
EndProject
Project("{2150E333-8FDC-42A3-9474-1A3956D46DE8}") = "Modules", "Modules", "{99E9B82C-E727-4EB2-B6E3-9A9DC955F3F6}"
EndProject
Project("{FAE04EC0-301F-11D3-BF4B-00C04F79EFBC}") = "Samba.Modules.TicketModule", "Samba.Modules.TicketModule\Samba.Modules.TicketModule.csproj", "{9E6FF3D9-BAE7-4E48-B144-0859BE28C570}"
EndProject
Project("{FAE04EC0-301F-11D3-BF4B-00C04F79EFBC}") = "Samba.Modules.UserModule", "Samba.Modules.UserModule\Samba.Modules.UserModule.csproj", "{1AE61C89-EBFD-498D-9F53-6319B302CDBF}"
EndProject
Project("{FAE04EC0-301F-11D3-BF4B-00C04F79EFBC}") = "Samba.Modules.DashboardModule", "Samba.Modules.DashboardModule\Samba.Modules.DashboardModule.csproj", "{1544262A-3EC9-413F-9165-7CF69A15B4CF}"
EndProject
Project("{FAE04EC0-301F-11D3-BF4B-00C04F79EFBC}") = "Samba.Modules.MenuModule", "Samba.Modules.MenuModule\Samba.Modules.MenuModule.csproj", "{8DA03815-ED56-40C5-83CA-6DFBB1F19C4F}"
EndProject
Project("{2150E333-8FDC-42A3-9474-1A3956D46DE8}") = "Controls", "Controls", "{BF4FA34A-A4C9-4BEC-90C4-AA09483582BB}"
EndProject
Project("{FAE04EC0-301F-11D3-BF4B-00C04F79EFBC}") = "UIControls", "Lib\UIControls\UIControls.csproj", "{A3082956-9EE4-4B35-9B4E-B07D0C4C8B56}"
EndProject
Project("{FAE04EC0-301F-11D3-BF4B-00C04F79EFBC}") = "Samba.Presentation.Common", "Samba.Presentation.Common\Samba.Presentation.Common.csproj", "{FE1A894E-D55E-4CEA-980A-1C678A2453FC}"
EndProject
Project("{FAE04EC0-301F-11D3-BF4B-00C04F79EFBC}") = "Samba.Modules.SettingsModule", "Samba.Modules.SettingsModule\Samba.Modules.SettingsModule.csproj", "{3B7CF671-E246-4284-9DEB-F7F8CD784ED1}"
EndProject
Project("{2150E333-8FDC-42A3-9474-1A3956D46DE8}") = "2. Service Layer", "2. Service Layer", "{8090D262-C7F1-4EFE-93F8-1B71BD23B627}"
EndProject
Project("{FAE04EC0-301F-11D3-BF4B-00C04F79EFBC}") = "Samba.Services", "Samba.Services\Samba.Services.csproj", "{413B698C-0D7D-4FCD-9F16-AF51AED4E647}"
EndProject
Project("{FAE04EC0-301F-11D3-BF4B-00C04F79EFBC}") = "Samba.MessagingServer", "Samba.MessagingServer\Samba.MessagingServer.csproj", "{A31255F4-E8D8-4D8E-B25A-48FB7ED059F5}"
EndProject
Project("{FAE04EC0-301F-11D3-BF4B-00C04F79EFBC}") = "Samba.Infrastructure.Data", "Samba.Infrastructure.Data\Samba.Infrastructure.Data.csproj", "{2D64F506-D566-4CA5-A19C-BCB5F9A2E7F4}"
EndProject
Project("{FAE04EC0-301F-11D3-BF4B-00C04F79EFBC}") = "Samba.Modules.BasicReports", "Samba.Modules.BasicReports\Samba.Modules.BasicReports.csproj", "{4F2C080C-FF9C-4604-8DAF-C5732BC17A05}"
EndProject
Project("{FAE04EC0-301F-11D3-BF4B-00C04F79EFBC}") = "Samba.Domain.Tests", "Samba.Domain.Tests\Samba.Domain.Tests.csproj", "{47B51F0A-26F8-49A8-AAC9-2DD31CC15F27}"
EndProject
Project("{FAE04EC0-301F-11D3-BF4B-00C04F79EFBC}") = "Samba.Modules.NavigationModule", "Samba.Modules.NavigationModule\Samba.Modules.NavigationModule.csproj", "{9497C48E-B9B5-4869-820E-09ECE4347632}"
EndProject
Project("{FAE04EC0-301F-11D3-BF4B-00C04F79EFBC}") = "FlexButton", "Lib\FlexButton\FlexButton.csproj", "{434D497A-D439-44C8-84A5-5301B572708F}"
EndProject
Project("{FAE04EC0-301F-11D3-BF4B-00C04F79EFBC}") = "Samba.Modules.CustomerModule", "Samba.Modules.CustomerModule\Samba.Modules.CustomerModule.csproj", "{EDEF0022-075C-4DEC-853F-6558F9E8438A}"
EndProject
Project("{FAE04EC0-301F-11D3-BF4B-00C04F79EFBC}") = "Samba.Services.Test", "Samba.Services.Test\Samba.Services.Test.csproj", "{C23F85CE-17B7-4A7D-9FEB-9189EA1D53D6}"
EndProject
Project("{FAE04EC0-301F-11D3-BF4B-00C04F79EFBC}") = "Samba.Persistance.DBMigration", "Samba.Persistance.DBMigration\Samba.Persistance.DBMigration.csproj", "{3AED3A4C-F3D7-4D29-BF58-85743E4F7AFD}"
EndProject
Project("{FAE04EC0-301F-11D3-BF4B-00C04F79EFBC}") = "Samba.Presentation.ViewModels", "Samba.Presentation.ViewModels\Samba.Presentation.ViewModels.csproj", "{04ED7BE0-8768-4A8D-B1ED-C92CB60789EF}"
EndProject
Project("{FAE04EC0-301F-11D3-BF4B-00C04F79EFBC}") = "Samba.Modules.CashModule", "Samba.Modules.CashModule\Samba.Modules.CashModule.csproj", "{AE519041-8D61-4B85-9770-69743DB051F7}"
EndProject
Project("{FAE04EC0-301F-11D3-BF4B-00C04F79EFBC}") = "Samba.Persistance.Data", "Samba.Persistance.Data\Samba.Persistance.Data.csproj", "{FEDA2199-91CD-4AF1-B571-4AA2E8371A18}"
EndProject
Project("{FAE04EC0-301F-11D3-BF4B-00C04F79EFBC}") = "Samba.Modules.InventoryModule", "Samba.Modules.InventoryModule\Samba.Modules.InventoryModule.csproj", "{E93B6838-9B18-4718-AB7B-2EA5232518C3}"
EndProject
Project("{FAE04EC0-301F-11D3-BF4B-00C04F79EFBC}") = "Samba.Localization", "Samba.Localization\Samba.Localization.csproj", "{406B96A6-C886-4149-AD88-A2402EDB2B90}"
EndProject
Project("{FAE04EC0-301F-11D3-BF4B-00C04F79EFBC}") = "DataGridFilterLibrary", "Lib\DataGridFilterLibrary\DataGridFilterLibrary.csproj", "{512FD53F-9AD1-46A1-A961-9FABDFAD50C5}"
EndProject
Project("{FAE04EC0-301F-11D3-BF4B-00C04F79EFBC}") = "PropertyTools.Wpf", "Lib\PropertyTools.Wpf\PropertyTools.Wpf.csproj", "{7168F82F-288A-42C4-9EB1-FBBE5112F211}"
EndProject
Project("{FAE04EC0-301F-11D3-BF4B-00C04F79EFBC}") = "Samba.Modules.CreditCardModule", "Samba.Modules.CreditCardModule\Samba.Modules.CreditCardModule.csproj", "{23A725F8-C11B-4244-ADA7-9EB02351F815}"
EndProject
Global
	GlobalSection(TestCaseManagementSettings) = postSolution
		CategoryFile = SambaPos.vsmdi
	EndGlobalSection
	GlobalSection(SolutionConfigurationPlatforms) = preSolution
		CD_ROM|Any CPU = CD_ROM|Any CPU
		CD_ROM|Mixed Platforms = CD_ROM|Mixed Platforms
		CD_ROM|x86 = CD_ROM|x86
		de|Any CPU = de|Any CPU
		de|Mixed Platforms = de|Mixed Platforms
		de|x86 = de|x86
		Debug|Any CPU = Debug|Any CPU
		Debug|Mixed Platforms = Debug|Mixed Platforms
		Debug|x86 = Debug|x86
		DVD-5|Any CPU = DVD-5|Any CPU
		DVD-5|Mixed Platforms = DVD-5|Mixed Platforms
		DVD-5|x86 = DVD-5|x86
		Release|Any CPU = Release|Any CPU
		Release|Mixed Platforms = Release|Mixed Platforms
		Release|x86 = Release|x86
		SingleImage|Any CPU = SingleImage|Any CPU
		SingleImage|Mixed Platforms = SingleImage|Mixed Platforms
		SingleImage|x86 = SingleImage|x86
	EndGlobalSection
	GlobalSection(ProjectConfigurationPlatforms) = postSolution
		{B58CBF09-52EA-4466-B5D2-2664018E7561}.CD_ROM|Any CPU.ActiveCfg = Release|x86
		{B58CBF09-52EA-4466-B5D2-2664018E7561}.CD_ROM|Mixed Platforms.ActiveCfg = Release|x86
		{B58CBF09-52EA-4466-B5D2-2664018E7561}.CD_ROM|Mixed Platforms.Build.0 = Release|x86
		{B58CBF09-52EA-4466-B5D2-2664018E7561}.CD_ROM|x86.ActiveCfg = Release|x86
		{B58CBF09-52EA-4466-B5D2-2664018E7561}.CD_ROM|x86.Build.0 = Release|x86
		{B58CBF09-52EA-4466-B5D2-2664018E7561}.de|Any CPU.ActiveCfg = de|x86
		{B58CBF09-52EA-4466-B5D2-2664018E7561}.de|Mixed Platforms.ActiveCfg = de|x86
		{B58CBF09-52EA-4466-B5D2-2664018E7561}.de|Mixed Platforms.Build.0 = de|x86
		{B58CBF09-52EA-4466-B5D2-2664018E7561}.de|x86.ActiveCfg = de|x86
		{B58CBF09-52EA-4466-B5D2-2664018E7561}.de|x86.Build.0 = de|x86
		{B58CBF09-52EA-4466-B5D2-2664018E7561}.Debug|Any CPU.ActiveCfg = Debug|x86
		{B58CBF09-52EA-4466-B5D2-2664018E7561}.Debug|Mixed Platforms.ActiveCfg = Release|x86
		{B58CBF09-52EA-4466-B5D2-2664018E7561}.Debug|Mixed Platforms.Build.0 = Release|x86
		{B58CBF09-52EA-4466-B5D2-2664018E7561}.Debug|x86.ActiveCfg = Debug|x86
		{B58CBF09-52EA-4466-B5D2-2664018E7561}.Debug|x86.Build.0 = Debug|x86
		{B58CBF09-52EA-4466-B5D2-2664018E7561}.DVD-5|Any CPU.ActiveCfg = Debug|x86
		{B58CBF09-52EA-4466-B5D2-2664018E7561}.DVD-5|Mixed Platforms.ActiveCfg = Release|x86
		{B58CBF09-52EA-4466-B5D2-2664018E7561}.DVD-5|Mixed Platforms.Build.0 = Release|x86
		{B58CBF09-52EA-4466-B5D2-2664018E7561}.DVD-5|x86.ActiveCfg = Debug|x86
		{B58CBF09-52EA-4466-B5D2-2664018E7561}.DVD-5|x86.Build.0 = Debug|x86
		{B58CBF09-52EA-4466-B5D2-2664018E7561}.Release|Any CPU.ActiveCfg = Release|x86
		{B58CBF09-52EA-4466-B5D2-2664018E7561}.Release|Any CPU.Build.0 = Release|x86
		{B58CBF09-52EA-4466-B5D2-2664018E7561}.Release|Mixed Platforms.ActiveCfg = Release|x86
		{B58CBF09-52EA-4466-B5D2-2664018E7561}.Release|Mixed Platforms.Build.0 = Release|x86
		{B58CBF09-52EA-4466-B5D2-2664018E7561}.Release|x86.ActiveCfg = Release|x86
		{B58CBF09-52EA-4466-B5D2-2664018E7561}.Release|x86.Build.0 = Release|x86
		{B58CBF09-52EA-4466-B5D2-2664018E7561}.SingleImage|Any CPU.ActiveCfg = Release|x86
		{B58CBF09-52EA-4466-B5D2-2664018E7561}.SingleImage|Mixed Platforms.ActiveCfg = Release|x86
		{B58CBF09-52EA-4466-B5D2-2664018E7561}.SingleImage|Mixed Platforms.Build.0 = Release|x86
		{B58CBF09-52EA-4466-B5D2-2664018E7561}.SingleImage|x86.ActiveCfg = Release|x86
		{B58CBF09-52EA-4466-B5D2-2664018E7561}.SingleImage|x86.Build.0 = Release|x86
		{2386F6A0-91B2-4D1A-8DBC-92109924AFFE}.CD_ROM|Any CPU.ActiveCfg = Release|Any CPU
		{2386F6A0-91B2-4D1A-8DBC-92109924AFFE}.CD_ROM|Any CPU.Build.0 = Release|Any CPU
		{2386F6A0-91B2-4D1A-8DBC-92109924AFFE}.CD_ROM|Mixed Platforms.ActiveCfg = Release|Any CPU
		{2386F6A0-91B2-4D1A-8DBC-92109924AFFE}.CD_ROM|Mixed Platforms.Build.0 = Release|Any CPU
		{2386F6A0-91B2-4D1A-8DBC-92109924AFFE}.CD_ROM|x86.ActiveCfg = Release|Any CPU
		{2386F6A0-91B2-4D1A-8DBC-92109924AFFE}.de|Any CPU.ActiveCfg = de|Any CPU
		{2386F6A0-91B2-4D1A-8DBC-92109924AFFE}.de|Any CPU.Build.0 = de|Any CPU
		{2386F6A0-91B2-4D1A-8DBC-92109924AFFE}.de|Mixed Platforms.ActiveCfg = de|Any CPU
		{2386F6A0-91B2-4D1A-8DBC-92109924AFFE}.de|Mixed Platforms.Build.0 = de|Any CPU
		{2386F6A0-91B2-4D1A-8DBC-92109924AFFE}.de|x86.ActiveCfg = de|Any CPU
		{2386F6A0-91B2-4D1A-8DBC-92109924AFFE}.Debug|Any CPU.ActiveCfg = Debug|Any CPU
		{2386F6A0-91B2-4D1A-8DBC-92109924AFFE}.Debug|Any CPU.Build.0 = Debug|Any CPU
		{2386F6A0-91B2-4D1A-8DBC-92109924AFFE}.Debug|Mixed Platforms.ActiveCfg = Release|Any CPU
		{2386F6A0-91B2-4D1A-8DBC-92109924AFFE}.Debug|Mixed Platforms.Build.0 = Release|Any CPU
		{2386F6A0-91B2-4D1A-8DBC-92109924AFFE}.Debug|x86.ActiveCfg = Debug|Any CPU
		{2386F6A0-91B2-4D1A-8DBC-92109924AFFE}.DVD-5|Any CPU.ActiveCfg = Debug|Any CPU
		{2386F6A0-91B2-4D1A-8DBC-92109924AFFE}.DVD-5|Any CPU.Build.0 = Debug|Any CPU
		{2386F6A0-91B2-4D1A-8DBC-92109924AFFE}.DVD-5|Mixed Platforms.ActiveCfg = Release|Any CPU
		{2386F6A0-91B2-4D1A-8DBC-92109924AFFE}.DVD-5|Mixed Platforms.Build.0 = Release|Any CPU
		{2386F6A0-91B2-4D1A-8DBC-92109924AFFE}.DVD-5|x86.ActiveCfg = Debug|Any CPU
		{2386F6A0-91B2-4D1A-8DBC-92109924AFFE}.Release|Any CPU.ActiveCfg = Release|Any CPU
		{2386F6A0-91B2-4D1A-8DBC-92109924AFFE}.Release|Any CPU.Build.0 = Release|Any CPU
		{2386F6A0-91B2-4D1A-8DBC-92109924AFFE}.Release|Mixed Platforms.ActiveCfg = Release|Any CPU
		{2386F6A0-91B2-4D1A-8DBC-92109924AFFE}.Release|Mixed Platforms.Build.0 = Release|Any CPU
		{2386F6A0-91B2-4D1A-8DBC-92109924AFFE}.Release|x86.ActiveCfg = Release|Any CPU
		{2386F6A0-91B2-4D1A-8DBC-92109924AFFE}.SingleImage|Any CPU.ActiveCfg = Release|Any CPU
		{2386F6A0-91B2-4D1A-8DBC-92109924AFFE}.SingleImage|Any CPU.Build.0 = Release|Any CPU
		{2386F6A0-91B2-4D1A-8DBC-92109924AFFE}.SingleImage|Mixed Platforms.ActiveCfg = Release|Any CPU
		{2386F6A0-91B2-4D1A-8DBC-92109924AFFE}.SingleImage|Mixed Platforms.Build.0 = Release|Any CPU
		{2386F6A0-91B2-4D1A-8DBC-92109924AFFE}.SingleImage|x86.ActiveCfg = Release|Any CPU
		{B184E8F8-A507-4C3D-B580-184E3776A95C}.CD_ROM|Any CPU.ActiveCfg = Release|Any CPU
		{B184E8F8-A507-4C3D-B580-184E3776A95C}.CD_ROM|Any CPU.Build.0 = Release|Any CPU
		{B184E8F8-A507-4C3D-B580-184E3776A95C}.CD_ROM|Mixed Platforms.ActiveCfg = Release|Any CPU
		{B184E8F8-A507-4C3D-B580-184E3776A95C}.CD_ROM|Mixed Platforms.Build.0 = Release|Any CPU
		{B184E8F8-A507-4C3D-B580-184E3776A95C}.CD_ROM|x86.ActiveCfg = Release|Any CPU
		{B184E8F8-A507-4C3D-B580-184E3776A95C}.de|Any CPU.ActiveCfg = de|Any CPU
		{B184E8F8-A507-4C3D-B580-184E3776A95C}.de|Any CPU.Build.0 = de|Any CPU
		{B184E8F8-A507-4C3D-B580-184E3776A95C}.de|Mixed Platforms.ActiveCfg = de|Any CPU
		{B184E8F8-A507-4C3D-B580-184E3776A95C}.de|Mixed Platforms.Build.0 = de|Any CPU
		{B184E8F8-A507-4C3D-B580-184E3776A95C}.de|x86.ActiveCfg = de|Any CPU
		{B184E8F8-A507-4C3D-B580-184E3776A95C}.Debug|Any CPU.ActiveCfg = Debug|Any CPU
		{B184E8F8-A507-4C3D-B580-184E3776A95C}.Debug|Any CPU.Build.0 = Debug|Any CPU
		{B184E8F8-A507-4C3D-B580-184E3776A95C}.Debug|Mixed Platforms.ActiveCfg = Release|Any CPU
		{B184E8F8-A507-4C3D-B580-184E3776A95C}.Debug|Mixed Platforms.Build.0 = Release|Any CPU
		{B184E8F8-A507-4C3D-B580-184E3776A95C}.Debug|x86.ActiveCfg = Debug|Any CPU
		{B184E8F8-A507-4C3D-B580-184E3776A95C}.DVD-5|Any CPU.ActiveCfg = Debug|Any CPU
		{B184E8F8-A507-4C3D-B580-184E3776A95C}.DVD-5|Any CPU.Build.0 = Debug|Any CPU
		{B184E8F8-A507-4C3D-B580-184E3776A95C}.DVD-5|Mixed Platforms.ActiveCfg = Release|Any CPU
		{B184E8F8-A507-4C3D-B580-184E3776A95C}.DVD-5|Mixed Platforms.Build.0 = Release|Any CPU
		{B184E8F8-A507-4C3D-B580-184E3776A95C}.DVD-5|x86.ActiveCfg = Debug|Any CPU
		{B184E8F8-A507-4C3D-B580-184E3776A95C}.Release|Any CPU.ActiveCfg = Release|Any CPU
		{B184E8F8-A507-4C3D-B580-184E3776A95C}.Release|Any CPU.Build.0 = Release|Any CPU
		{B184E8F8-A507-4C3D-B580-184E3776A95C}.Release|Mixed Platforms.ActiveCfg = Release|Any CPU
		{B184E8F8-A507-4C3D-B580-184E3776A95C}.Release|Mixed Platforms.Build.0 = Release|Any CPU
		{B184E8F8-A507-4C3D-B580-184E3776A95C}.Release|x86.ActiveCfg = Release|Any CPU
		{B184E8F8-A507-4C3D-B580-184E3776A95C}.SingleImage|Any CPU.ActiveCfg = Release|Any CPU
		{B184E8F8-A507-4C3D-B580-184E3776A95C}.SingleImage|Any CPU.Build.0 = Release|Any CPU
		{B184E8F8-A507-4C3D-B580-184E3776A95C}.SingleImage|Mixed Platforms.ActiveCfg = Release|Any CPU
		{B184E8F8-A507-4C3D-B580-184E3776A95C}.SingleImage|Mixed Platforms.Build.0 = Release|Any CPU
		{B184E8F8-A507-4C3D-B580-184E3776A95C}.SingleImage|x86.ActiveCfg = Release|Any CPU
		{6A64EA38-3CED-4810-BB79-0EBA0A70B38E}.CD_ROM|Any CPU.ActiveCfg = Release|Any CPU
		{6A64EA38-3CED-4810-BB79-0EBA0A70B38E}.CD_ROM|Any CPU.Build.0 = Release|Any CPU
		{6A64EA38-3CED-4810-BB79-0EBA0A70B38E}.CD_ROM|Mixed Platforms.ActiveCfg = Release|Any CPU
		{6A64EA38-3CED-4810-BB79-0EBA0A70B38E}.CD_ROM|Mixed Platforms.Build.0 = Release|Any CPU
		{6A64EA38-3CED-4810-BB79-0EBA0A70B38E}.CD_ROM|x86.ActiveCfg = Release|Any CPU
		{6A64EA38-3CED-4810-BB79-0EBA0A70B38E}.de|Any CPU.ActiveCfg = de|Any CPU
		{6A64EA38-3CED-4810-BB79-0EBA0A70B38E}.de|Any CPU.Build.0 = de|Any CPU
		{6A64EA38-3CED-4810-BB79-0EBA0A70B38E}.de|Mixed Platforms.ActiveCfg = de|Any CPU
		{6A64EA38-3CED-4810-BB79-0EBA0A70B38E}.de|Mixed Platforms.Build.0 = de|Any CPU
		{6A64EA38-3CED-4810-BB79-0EBA0A70B38E}.de|x86.ActiveCfg = de|Any CPU
		{6A64EA38-3CED-4810-BB79-0EBA0A70B38E}.Debug|Any CPU.ActiveCfg = Debug|Any CPU
		{6A64EA38-3CED-4810-BB79-0EBA0A70B38E}.Debug|Any CPU.Build.0 = Debug|Any CPU
		{6A64EA38-3CED-4810-BB79-0EBA0A70B38E}.Debug|Mixed Platforms.ActiveCfg = Release|Any CPU
		{6A64EA38-3CED-4810-BB79-0EBA0A70B38E}.Debug|Mixed Platforms.Build.0 = Release|Any CPU
		{6A64EA38-3CED-4810-BB79-0EBA0A70B38E}.Debug|x86.ActiveCfg = Debug|Any CPU
		{6A64EA38-3CED-4810-BB79-0EBA0A70B38E}.DVD-5|Any CPU.ActiveCfg = Debug|Any CPU
		{6A64EA38-3CED-4810-BB79-0EBA0A70B38E}.DVD-5|Any CPU.Build.0 = Debug|Any CPU
		{6A64EA38-3CED-4810-BB79-0EBA0A70B38E}.DVD-5|Mixed Platforms.ActiveCfg = Release|Any CPU
		{6A64EA38-3CED-4810-BB79-0EBA0A70B38E}.DVD-5|Mixed Platforms.Build.0 = Release|Any CPU
		{6A64EA38-3CED-4810-BB79-0EBA0A70B38E}.DVD-5|x86.ActiveCfg = Debug|Any CPU
		{6A64EA38-3CED-4810-BB79-0EBA0A70B38E}.Release|Any CPU.ActiveCfg = Release|Any CPU
		{6A64EA38-3CED-4810-BB79-0EBA0A70B38E}.Release|Any CPU.Build.0 = Release|Any CPU
		{6A64EA38-3CED-4810-BB79-0EBA0A70B38E}.Release|Mixed Platforms.ActiveCfg = Release|Any CPU
		{6A64EA38-3CED-4810-BB79-0EBA0A70B38E}.Release|Mixed Platforms.Build.0 = Release|Any CPU
		{6A64EA38-3CED-4810-BB79-0EBA0A70B38E}.Release|x86.ActiveCfg = Release|Any CPU
		{6A64EA38-3CED-4810-BB79-0EBA0A70B38E}.SingleImage|Any CPU.ActiveCfg = Release|Any CPU
		{6A64EA38-3CED-4810-BB79-0EBA0A70B38E}.SingleImage|Any CPU.Build.0 = Release|Any CPU
		{6A64EA38-3CED-4810-BB79-0EBA0A70B38E}.SingleImage|Mixed Platforms.ActiveCfg = Release|Any CPU
		{6A64EA38-3CED-4810-BB79-0EBA0A70B38E}.SingleImage|Mixed Platforms.Build.0 = Release|Any CPU
		{6A64EA38-3CED-4810-BB79-0EBA0A70B38E}.SingleImage|x86.ActiveCfg = Release|Any CPU
		{9E6FF3D9-BAE7-4E48-B144-0859BE28C570}.CD_ROM|Any CPU.ActiveCfg = Release|Any CPU
		{9E6FF3D9-BAE7-4E48-B144-0859BE28C570}.CD_ROM|Any CPU.Build.0 = Release|Any CPU
		{9E6FF3D9-BAE7-4E48-B144-0859BE28C570}.CD_ROM|Mixed Platforms.ActiveCfg = Release|Any CPU
		{9E6FF3D9-BAE7-4E48-B144-0859BE28C570}.CD_ROM|Mixed Platforms.Build.0 = Release|Any CPU
		{9E6FF3D9-BAE7-4E48-B144-0859BE28C570}.CD_ROM|x86.ActiveCfg = Release|Any CPU
		{9E6FF3D9-BAE7-4E48-B144-0859BE28C570}.de|Any CPU.ActiveCfg = de|Any CPU
		{9E6FF3D9-BAE7-4E48-B144-0859BE28C570}.de|Any CPU.Build.0 = de|Any CPU
		{9E6FF3D9-BAE7-4E48-B144-0859BE28C570}.de|Mixed Platforms.ActiveCfg = de|Any CPU
		{9E6FF3D9-BAE7-4E48-B144-0859BE28C570}.de|Mixed Platforms.Build.0 = de|Any CPU
		{9E6FF3D9-BAE7-4E48-B144-0859BE28C570}.de|x86.ActiveCfg = de|Any CPU
		{9E6FF3D9-BAE7-4E48-B144-0859BE28C570}.Debug|Any CPU.ActiveCfg = Debug|Any CPU
		{9E6FF3D9-BAE7-4E48-B144-0859BE28C570}.Debug|Any CPU.Build.0 = Debug|Any CPU
		{9E6FF3D9-BAE7-4E48-B144-0859BE28C570}.Debug|Mixed Platforms.ActiveCfg = Release|Any CPU
		{9E6FF3D9-BAE7-4E48-B144-0859BE28C570}.Debug|Mixed Platforms.Build.0 = Release|Any CPU
		{9E6FF3D9-BAE7-4E48-B144-0859BE28C570}.Debug|x86.ActiveCfg = Debug|Any CPU
		{9E6FF3D9-BAE7-4E48-B144-0859BE28C570}.DVD-5|Any CPU.ActiveCfg = Debug|Any CPU
		{9E6FF3D9-BAE7-4E48-B144-0859BE28C570}.DVD-5|Any CPU.Build.0 = Debug|Any CPU
		{9E6FF3D9-BAE7-4E48-B144-0859BE28C570}.DVD-5|Mixed Platforms.ActiveCfg = Release|Any CPU
		{9E6FF3D9-BAE7-4E48-B144-0859BE28C570}.DVD-5|Mixed Platforms.Build.0 = Release|Any CPU
		{9E6FF3D9-BAE7-4E48-B144-0859BE28C570}.DVD-5|x86.ActiveCfg = Debug|Any CPU
		{9E6FF3D9-BAE7-4E48-B144-0859BE28C570}.Release|Any CPU.ActiveCfg = Release|Any CPU
		{9E6FF3D9-BAE7-4E48-B144-0859BE28C570}.Release|Any CPU.Build.0 = Release|Any CPU
		{9E6FF3D9-BAE7-4E48-B144-0859BE28C570}.Release|Mixed Platforms.ActiveCfg = Release|Any CPU
		{9E6FF3D9-BAE7-4E48-B144-0859BE28C570}.Release|Mixed Platforms.Build.0 = Release|Any CPU
		{9E6FF3D9-BAE7-4E48-B144-0859BE28C570}.Release|x86.ActiveCfg = Release|Any CPU
		{9E6FF3D9-BAE7-4E48-B144-0859BE28C570}.SingleImage|Any CPU.ActiveCfg = Release|Any CPU
		{9E6FF3D9-BAE7-4E48-B144-0859BE28C570}.SingleImage|Any CPU.Build.0 = Release|Any CPU
		{9E6FF3D9-BAE7-4E48-B144-0859BE28C570}.SingleImage|Mixed Platforms.ActiveCfg = Release|Any CPU
		{9E6FF3D9-BAE7-4E48-B144-0859BE28C570}.SingleImage|Mixed Platforms.Build.0 = Release|Any CPU
		{9E6FF3D9-BAE7-4E48-B144-0859BE28C570}.SingleImage|x86.ActiveCfg = Release|Any CPU
		{1AE61C89-EBFD-498D-9F53-6319B302CDBF}.CD_ROM|Any CPU.ActiveCfg = Release|Any CPU
		{1AE61C89-EBFD-498D-9F53-6319B302CDBF}.CD_ROM|Any CPU.Build.0 = Release|Any CPU
		{1AE61C89-EBFD-498D-9F53-6319B302CDBF}.CD_ROM|Mixed Platforms.ActiveCfg = Release|Any CPU
		{1AE61C89-EBFD-498D-9F53-6319B302CDBF}.CD_ROM|Mixed Platforms.Build.0 = Release|Any CPU
		{1AE61C89-EBFD-498D-9F53-6319B302CDBF}.CD_ROM|x86.ActiveCfg = Release|Any CPU
		{1AE61C89-EBFD-498D-9F53-6319B302CDBF}.de|Any CPU.ActiveCfg = de|Any CPU
		{1AE61C89-EBFD-498D-9F53-6319B302CDBF}.de|Any CPU.Build.0 = de|Any CPU
		{1AE61C89-EBFD-498D-9F53-6319B302CDBF}.de|Mixed Platforms.ActiveCfg = de|Any CPU
		{1AE61C89-EBFD-498D-9F53-6319B302CDBF}.de|Mixed Platforms.Build.0 = de|Any CPU
		{1AE61C89-EBFD-498D-9F53-6319B302CDBF}.de|x86.ActiveCfg = de|Any CPU
		{1AE61C89-EBFD-498D-9F53-6319B302CDBF}.Debug|Any CPU.ActiveCfg = Debug|Any CPU
		{1AE61C89-EBFD-498D-9F53-6319B302CDBF}.Debug|Any CPU.Build.0 = Debug|Any CPU
		{1AE61C89-EBFD-498D-9F53-6319B302CDBF}.Debug|Mixed Platforms.ActiveCfg = Release|Any CPU
		{1AE61C89-EBFD-498D-9F53-6319B302CDBF}.Debug|Mixed Platforms.Build.0 = Release|Any CPU
		{1AE61C89-EBFD-498D-9F53-6319B302CDBF}.Debug|x86.ActiveCfg = Debug|Any CPU
		{1AE61C89-EBFD-498D-9F53-6319B302CDBF}.DVD-5|Any CPU.ActiveCfg = Debug|Any CPU
		{1AE61C89-EBFD-498D-9F53-6319B302CDBF}.DVD-5|Any CPU.Build.0 = Debug|Any CPU
		{1AE61C89-EBFD-498D-9F53-6319B302CDBF}.DVD-5|Mixed Platforms.ActiveCfg = Release|Any CPU
		{1AE61C89-EBFD-498D-9F53-6319B302CDBF}.DVD-5|Mixed Platforms.Build.0 = Release|Any CPU
		{1AE61C89-EBFD-498D-9F53-6319B302CDBF}.DVD-5|x86.ActiveCfg = Debug|Any CPU
		{1AE61C89-EBFD-498D-9F53-6319B302CDBF}.Release|Any CPU.ActiveCfg = Release|Any CPU
		{1AE61C89-EBFD-498D-9F53-6319B302CDBF}.Release|Any CPU.Build.0 = Release|Any CPU
		{1AE61C89-EBFD-498D-9F53-6319B302CDBF}.Release|Mixed Platforms.ActiveCfg = Release|Any CPU
		{1AE61C89-EBFD-498D-9F53-6319B302CDBF}.Release|Mixed Platforms.Build.0 = Release|Any CPU
		{1AE61C89-EBFD-498D-9F53-6319B302CDBF}.Release|x86.ActiveCfg = Release|Any CPU
		{1AE61C89-EBFD-498D-9F53-6319B302CDBF}.SingleImage|Any CPU.ActiveCfg = Release|Any CPU
		{1AE61C89-EBFD-498D-9F53-6319B302CDBF}.SingleImage|Any CPU.Build.0 = Release|Any CPU
		{1AE61C89-EBFD-498D-9F53-6319B302CDBF}.SingleImage|Mixed Platforms.ActiveCfg = Release|Any CPU
		{1AE61C89-EBFD-498D-9F53-6319B302CDBF}.SingleImage|Mixed Platforms.Build.0 = Release|Any CPU
		{1AE61C89-EBFD-498D-9F53-6319B302CDBF}.SingleImage|x86.ActiveCfg = Release|Any CPU
		{1544262A-3EC9-413F-9165-7CF69A15B4CF}.CD_ROM|Any CPU.ActiveCfg = Release|Any CPU
		{1544262A-3EC9-413F-9165-7CF69A15B4CF}.CD_ROM|Any CPU.Build.0 = Release|Any CPU
		{1544262A-3EC9-413F-9165-7CF69A15B4CF}.CD_ROM|Mixed Platforms.ActiveCfg = Release|Any CPU
		{1544262A-3EC9-413F-9165-7CF69A15B4CF}.CD_ROM|Mixed Platforms.Build.0 = Release|Any CPU
		{1544262A-3EC9-413F-9165-7CF69A15B4CF}.CD_ROM|x86.ActiveCfg = Release|Any CPU
		{1544262A-3EC9-413F-9165-7CF69A15B4CF}.de|Any CPU.ActiveCfg = de|Any CPU
		{1544262A-3EC9-413F-9165-7CF69A15B4CF}.de|Mixed Platforms.ActiveCfg = de|Any CPU
		{1544262A-3EC9-413F-9165-7CF69A15B4CF}.de|Mixed Platforms.Build.0 = de|Any CPU
		{1544262A-3EC9-413F-9165-7CF69A15B4CF}.de|x86.ActiveCfg = de|Any CPU
		{1544262A-3EC9-413F-9165-7CF69A15B4CF}.Debug|Any CPU.ActiveCfg = Debug|Any CPU
		{1544262A-3EC9-413F-9165-7CF69A15B4CF}.Debug|Any CPU.Build.0 = Debug|Any CPU
		{1544262A-3EC9-413F-9165-7CF69A15B4CF}.Debug|Mixed Platforms.ActiveCfg = Release|Any CPU
		{1544262A-3EC9-413F-9165-7CF69A15B4CF}.Debug|Mixed Platforms.Build.0 = Release|Any CPU
		{1544262A-3EC9-413F-9165-7CF69A15B4CF}.Debug|x86.ActiveCfg = Debug|Any CPU
		{1544262A-3EC9-413F-9165-7CF69A15B4CF}.DVD-5|Any CPU.ActiveCfg = Debug|Any CPU
		{1544262A-3EC9-413F-9165-7CF69A15B4CF}.DVD-5|Any CPU.Build.0 = Debug|Any CPU
		{1544262A-3EC9-413F-9165-7CF69A15B4CF}.DVD-5|Mixed Platforms.ActiveCfg = Release|Any CPU
		{1544262A-3EC9-413F-9165-7CF69A15B4CF}.DVD-5|Mixed Platforms.Build.0 = Release|Any CPU
		{1544262A-3EC9-413F-9165-7CF69A15B4CF}.DVD-5|x86.ActiveCfg = Debug|Any CPU
		{1544262A-3EC9-413F-9165-7CF69A15B4CF}.Release|Any CPU.ActiveCfg = Release|Any CPU
		{1544262A-3EC9-413F-9165-7CF69A15B4CF}.Release|Any CPU.Build.0 = Release|Any CPU
		{1544262A-3EC9-413F-9165-7CF69A15B4CF}.Release|Mixed Platforms.ActiveCfg = Release|Any CPU
		{1544262A-3EC9-413F-9165-7CF69A15B4CF}.Release|Mixed Platforms.Build.0 = Release|Any CPU
		{1544262A-3EC9-413F-9165-7CF69A15B4CF}.Release|x86.ActiveCfg = Release|Any CPU
		{1544262A-3EC9-413F-9165-7CF69A15B4CF}.SingleImage|Any CPU.ActiveCfg = Release|Any CPU
		{1544262A-3EC9-413F-9165-7CF69A15B4CF}.SingleImage|Any CPU.Build.0 = Release|Any CPU
		{1544262A-3EC9-413F-9165-7CF69A15B4CF}.SingleImage|Mixed Platforms.ActiveCfg = Release|Any CPU
		{1544262A-3EC9-413F-9165-7CF69A15B4CF}.SingleImage|Mixed Platforms.Build.0 = Release|Any CPU
		{1544262A-3EC9-413F-9165-7CF69A15B4CF}.SingleImage|x86.ActiveCfg = Release|Any CPU
		{8DA03815-ED56-40C5-83CA-6DFBB1F19C4F}.CD_ROM|Any CPU.ActiveCfg = Release|Any CPU
		{8DA03815-ED56-40C5-83CA-6DFBB1F19C4F}.CD_ROM|Any CPU.Build.0 = Release|Any CPU
		{8DA03815-ED56-40C5-83CA-6DFBB1F19C4F}.CD_ROM|Mixed Platforms.ActiveCfg = Release|Any CPU
		{8DA03815-ED56-40C5-83CA-6DFBB1F19C4F}.CD_ROM|Mixed Platforms.Build.0 = Release|Any CPU
		{8DA03815-ED56-40C5-83CA-6DFBB1F19C4F}.CD_ROM|x86.ActiveCfg = Release|Any CPU
		{8DA03815-ED56-40C5-83CA-6DFBB1F19C4F}.de|Any CPU.ActiveCfg = de|Any CPU
		{8DA03815-ED56-40C5-83CA-6DFBB1F19C4F}.de|Any CPU.Build.0 = de|Any CPU
		{8DA03815-ED56-40C5-83CA-6DFBB1F19C4F}.de|Mixed Platforms.ActiveCfg = de|Any CPU
		{8DA03815-ED56-40C5-83CA-6DFBB1F19C4F}.de|Mixed Platforms.Build.0 = de|Any CPU
		{8DA03815-ED56-40C5-83CA-6DFBB1F19C4F}.de|x86.ActiveCfg = de|Any CPU
		{8DA03815-ED56-40C5-83CA-6DFBB1F19C4F}.Debug|Any CPU.ActiveCfg = Debug|Any CPU
		{8DA03815-ED56-40C5-83CA-6DFBB1F19C4F}.Debug|Any CPU.Build.0 = Debug|Any CPU
		{8DA03815-ED56-40C5-83CA-6DFBB1F19C4F}.Debug|Mixed Platforms.ActiveCfg = Release|Any CPU
		{8DA03815-ED56-40C5-83CA-6DFBB1F19C4F}.Debug|Mixed Platforms.Build.0 = Release|Any CPU
		{8DA03815-ED56-40C5-83CA-6DFBB1F19C4F}.Debug|x86.ActiveCfg = Debug|Any CPU
		{8DA03815-ED56-40C5-83CA-6DFBB1F19C4F}.DVD-5|Any CPU.ActiveCfg = Debug|Any CPU
		{8DA03815-ED56-40C5-83CA-6DFBB1F19C4F}.DVD-5|Any CPU.Build.0 = Debug|Any CPU
		{8DA03815-ED56-40C5-83CA-6DFBB1F19C4F}.DVD-5|Mixed Platforms.ActiveCfg = Release|Any CPU
		{8DA03815-ED56-40C5-83CA-6DFBB1F19C4F}.DVD-5|Mixed Platforms.Build.0 = Release|Any CPU
		{8DA03815-ED56-40C5-83CA-6DFBB1F19C4F}.DVD-5|x86.ActiveCfg = Debug|Any CPU
		{8DA03815-ED56-40C5-83CA-6DFBB1F19C4F}.Release|Any CPU.ActiveCfg = Release|Any CPU
		{8DA03815-ED56-40C5-83CA-6DFBB1F19C4F}.Release|Any CPU.Build.0 = Release|Any CPU
		{8DA03815-ED56-40C5-83CA-6DFBB1F19C4F}.Release|Mixed Platforms.ActiveCfg = Release|Any CPU
		{8DA03815-ED56-40C5-83CA-6DFBB1F19C4F}.Release|Mixed Platforms.Build.0 = Release|Any CPU
		{8DA03815-ED56-40C5-83CA-6DFBB1F19C4F}.Release|x86.ActiveCfg = Release|Any CPU
		{8DA03815-ED56-40C5-83CA-6DFBB1F19C4F}.SingleImage|Any CPU.ActiveCfg = Release|Any CPU
		{8DA03815-ED56-40C5-83CA-6DFBB1F19C4F}.SingleImage|Any CPU.Build.0 = Release|Any CPU
		{8DA03815-ED56-40C5-83CA-6DFBB1F19C4F}.SingleImage|Mixed Platforms.ActiveCfg = Release|Any CPU
		{8DA03815-ED56-40C5-83CA-6DFBB1F19C4F}.SingleImage|Mixed Platforms.Build.0 = Release|Any CPU
		{8DA03815-ED56-40C5-83CA-6DFBB1F19C4F}.SingleImage|x86.ActiveCfg = Release|Any CPU
		{A3082956-9EE4-4B35-9B4E-B07D0C4C8B56}.CD_ROM|Any CPU.ActiveCfg = Release|Any CPU
		{A3082956-9EE4-4B35-9B4E-B07D0C4C8B56}.CD_ROM|Any CPU.Build.0 = Release|Any CPU
		{A3082956-9EE4-4B35-9B4E-B07D0C4C8B56}.CD_ROM|Mixed Platforms.ActiveCfg = Release|Any CPU
		{A3082956-9EE4-4B35-9B4E-B07D0C4C8B56}.CD_ROM|Mixed Platforms.Build.0 = Release|Any CPU
		{A3082956-9EE4-4B35-9B4E-B07D0C4C8B56}.CD_ROM|x86.ActiveCfg = Release|Any CPU
		{A3082956-9EE4-4B35-9B4E-B07D0C4C8B56}.de|Any CPU.ActiveCfg = de|Any CPU
		{A3082956-9EE4-4B35-9B4E-B07D0C4C8B56}.de|Any CPU.Build.0 = de|Any CPU
		{A3082956-9EE4-4B35-9B4E-B07D0C4C8B56}.de|Mixed Platforms.ActiveCfg = de|Any CPU
		{A3082956-9EE4-4B35-9B4E-B07D0C4C8B56}.de|Mixed Platforms.Build.0 = de|Any CPU
		{A3082956-9EE4-4B35-9B4E-B07D0C4C8B56}.de|x86.ActiveCfg = de|Any CPU
		{A3082956-9EE4-4B35-9B4E-B07D0C4C8B56}.Debug|Any CPU.ActiveCfg = Debug|Any CPU
		{A3082956-9EE4-4B35-9B4E-B07D0C4C8B56}.Debug|Any CPU.Build.0 = Debug|Any CPU
		{A3082956-9EE4-4B35-9B4E-B07D0C4C8B56}.Debug|Mixed Platforms.ActiveCfg = Release|Any CPU
		{A3082956-9EE4-4B35-9B4E-B07D0C4C8B56}.Debug|Mixed Platforms.Build.0 = Release|Any CPU
		{A3082956-9EE4-4B35-9B4E-B07D0C4C8B56}.Debug|x86.ActiveCfg = Debug|Any CPU
		{A3082956-9EE4-4B35-9B4E-B07D0C4C8B56}.DVD-5|Any CPU.ActiveCfg = Debug|Any CPU
		{A3082956-9EE4-4B35-9B4E-B07D0C4C8B56}.DVD-5|Any CPU.Build.0 = Debug|Any CPU
		{A3082956-9EE4-4B35-9B4E-B07D0C4C8B56}.DVD-5|Mixed Platforms.ActiveCfg = Release|Any CPU
		{A3082956-9EE4-4B35-9B4E-B07D0C4C8B56}.DVD-5|Mixed Platforms.Build.0 = Release|Any CPU
		{A3082956-9EE4-4B35-9B4E-B07D0C4C8B56}.DVD-5|x86.ActiveCfg = Debug|Any CPU
		{A3082956-9EE4-4B35-9B4E-B07D0C4C8B56}.Release|Any CPU.ActiveCfg = Release|Any CPU
		{A3082956-9EE4-4B35-9B4E-B07D0C4C8B56}.Release|Any CPU.Build.0 = Release|Any CPU
		{A3082956-9EE4-4B35-9B4E-B07D0C4C8B56}.Release|Mixed Platforms.ActiveCfg = Release|Any CPU
		{A3082956-9EE4-4B35-9B4E-B07D0C4C8B56}.Release|Mixed Platforms.Build.0 = Release|Any CPU
		{A3082956-9EE4-4B35-9B4E-B07D0C4C8B56}.Release|x86.ActiveCfg = Release|Any CPU
		{A3082956-9EE4-4B35-9B4E-B07D0C4C8B56}.SingleImage|Any CPU.ActiveCfg = Release|Any CPU
		{A3082956-9EE4-4B35-9B4E-B07D0C4C8B56}.SingleImage|Any CPU.Build.0 = Release|Any CPU
		{A3082956-9EE4-4B35-9B4E-B07D0C4C8B56}.SingleImage|Mixed Platforms.ActiveCfg = Release|Any CPU
		{A3082956-9EE4-4B35-9B4E-B07D0C4C8B56}.SingleImage|Mixed Platforms.Build.0 = Release|Any CPU
		{A3082956-9EE4-4B35-9B4E-B07D0C4C8B56}.SingleImage|x86.ActiveCfg = Release|Any CPU
		{FE1A894E-D55E-4CEA-980A-1C678A2453FC}.CD_ROM|Any CPU.ActiveCfg = Release|Any CPU
		{FE1A894E-D55E-4CEA-980A-1C678A2453FC}.CD_ROM|Any CPU.Build.0 = Release|Any CPU
		{FE1A894E-D55E-4CEA-980A-1C678A2453FC}.CD_ROM|Mixed Platforms.ActiveCfg = Release|Any CPU
		{FE1A894E-D55E-4CEA-980A-1C678A2453FC}.CD_ROM|Mixed Platforms.Build.0 = Release|Any CPU
		{FE1A894E-D55E-4CEA-980A-1C678A2453FC}.CD_ROM|x86.ActiveCfg = Release|Any CPU
		{FE1A894E-D55E-4CEA-980A-1C678A2453FC}.de|Any CPU.ActiveCfg = de|Any CPU
		{FE1A894E-D55E-4CEA-980A-1C678A2453FC}.de|Any CPU.Build.0 = de|Any CPU
		{FE1A894E-D55E-4CEA-980A-1C678A2453FC}.de|Mixed Platforms.ActiveCfg = de|Any CPU
		{FE1A894E-D55E-4CEA-980A-1C678A2453FC}.de|Mixed Platforms.Build.0 = de|Any CPU
		{FE1A894E-D55E-4CEA-980A-1C678A2453FC}.de|x86.ActiveCfg = de|Any CPU
		{FE1A894E-D55E-4CEA-980A-1C678A2453FC}.Debug|Any CPU.ActiveCfg = Debug|Any CPU
		{FE1A894E-D55E-4CEA-980A-1C678A2453FC}.Debug|Any CPU.Build.0 = Debug|Any CPU
		{FE1A894E-D55E-4CEA-980A-1C678A2453FC}.Debug|Mixed Platforms.ActiveCfg = Release|Any CPU
		{FE1A894E-D55E-4CEA-980A-1C678A2453FC}.Debug|Mixed Platforms.Build.0 = Release|Any CPU
		{FE1A894E-D55E-4CEA-980A-1C678A2453FC}.Debug|x86.ActiveCfg = Debug|Any CPU
		{FE1A894E-D55E-4CEA-980A-1C678A2453FC}.DVD-5|Any CPU.ActiveCfg = Debug|Any CPU
		{FE1A894E-D55E-4CEA-980A-1C678A2453FC}.DVD-5|Any CPU.Build.0 = Debug|Any CPU
		{FE1A894E-D55E-4CEA-980A-1C678A2453FC}.DVD-5|Mixed Platforms.ActiveCfg = Release|Any CPU
		{FE1A894E-D55E-4CEA-980A-1C678A2453FC}.DVD-5|Mixed Platforms.Build.0 = Release|Any CPU
		{FE1A894E-D55E-4CEA-980A-1C678A2453FC}.DVD-5|x86.ActiveCfg = Debug|Any CPU
		{FE1A894E-D55E-4CEA-980A-1C678A2453FC}.Release|Any CPU.ActiveCfg = Release|Any CPU
		{FE1A894E-D55E-4CEA-980A-1C678A2453FC}.Release|Any CPU.Build.0 = Release|Any CPU
		{FE1A894E-D55E-4CEA-980A-1C678A2453FC}.Release|Mixed Platforms.ActiveCfg = Release|Any CPU
		{FE1A894E-D55E-4CEA-980A-1C678A2453FC}.Release|Mixed Platforms.Build.0 = Release|Any CPU
		{FE1A894E-D55E-4CEA-980A-1C678A2453FC}.Release|x86.ActiveCfg = Release|Any CPU
		{FE1A894E-D55E-4CEA-980A-1C678A2453FC}.SingleImage|Any CPU.ActiveCfg = Release|Any CPU
		{FE1A894E-D55E-4CEA-980A-1C678A2453FC}.SingleImage|Any CPU.Build.0 = Release|Any CPU
		{FE1A894E-D55E-4CEA-980A-1C678A2453FC}.SingleImage|Mixed Platforms.ActiveCfg = Release|Any CPU
		{FE1A894E-D55E-4CEA-980A-1C678A2453FC}.SingleImage|Mixed Platforms.Build.0 = Release|Any CPU
		{FE1A894E-D55E-4CEA-980A-1C678A2453FC}.SingleImage|x86.ActiveCfg = Release|Any CPU
		{3B7CF671-E246-4284-9DEB-F7F8CD784ED1}.CD_ROM|Any CPU.ActiveCfg = Release|Any CPU
		{3B7CF671-E246-4284-9DEB-F7F8CD784ED1}.CD_ROM|Any CPU.Build.0 = Release|Any CPU
		{3B7CF671-E246-4284-9DEB-F7F8CD784ED1}.CD_ROM|Mixed Platforms.ActiveCfg = Release|Any CPU
		{3B7CF671-E246-4284-9DEB-F7F8CD784ED1}.CD_ROM|Mixed Platforms.Build.0 = Release|Any CPU
		{3B7CF671-E246-4284-9DEB-F7F8CD784ED1}.CD_ROM|x86.ActiveCfg = Release|Any CPU
		{3B7CF671-E246-4284-9DEB-F7F8CD784ED1}.de|Any CPU.ActiveCfg = de|Any CPU
		{3B7CF671-E246-4284-9DEB-F7F8CD784ED1}.de|Any CPU.Build.0 = de|Any CPU
		{3B7CF671-E246-4284-9DEB-F7F8CD784ED1}.de|Mixed Platforms.ActiveCfg = de|Any CPU
		{3B7CF671-E246-4284-9DEB-F7F8CD784ED1}.de|Mixed Platforms.Build.0 = de|Any CPU
		{3B7CF671-E246-4284-9DEB-F7F8CD784ED1}.de|x86.ActiveCfg = de|Any CPU
		{3B7CF671-E246-4284-9DEB-F7F8CD784ED1}.Debug|Any CPU.ActiveCfg = Debug|Any CPU
		{3B7CF671-E246-4284-9DEB-F7F8CD784ED1}.Debug|Any CPU.Build.0 = Debug|Any CPU
		{3B7CF671-E246-4284-9DEB-F7F8CD784ED1}.Debug|Mixed Platforms.ActiveCfg = Release|Any CPU
		{3B7CF671-E246-4284-9DEB-F7F8CD784ED1}.Debug|Mixed Platforms.Build.0 = Release|Any CPU
		{3B7CF671-E246-4284-9DEB-F7F8CD784ED1}.Debug|x86.ActiveCfg = Debug|Any CPU
		{3B7CF671-E246-4284-9DEB-F7F8CD784ED1}.DVD-5|Any CPU.ActiveCfg = Debug|Any CPU
		{3B7CF671-E246-4284-9DEB-F7F8CD784ED1}.DVD-5|Any CPU.Build.0 = Debug|Any CPU
		{3B7CF671-E246-4284-9DEB-F7F8CD784ED1}.DVD-5|Mixed Platforms.ActiveCfg = Release|Any CPU
		{3B7CF671-E246-4284-9DEB-F7F8CD784ED1}.DVD-5|Mixed Platforms.Build.0 = Release|Any CPU
		{3B7CF671-E246-4284-9DEB-F7F8CD784ED1}.DVD-5|x86.ActiveCfg = Debug|Any CPU
		{3B7CF671-E246-4284-9DEB-F7F8CD784ED1}.Release|Any CPU.ActiveCfg = Release|Any CPU
		{3B7CF671-E246-4284-9DEB-F7F8CD784ED1}.Release|Any CPU.Build.0 = Release|Any CPU
		{3B7CF671-E246-4284-9DEB-F7F8CD784ED1}.Release|Mixed Platforms.ActiveCfg = Release|Any CPU
		{3B7CF671-E246-4284-9DEB-F7F8CD784ED1}.Release|Mixed Platforms.Build.0 = Release|Any CPU
		{3B7CF671-E246-4284-9DEB-F7F8CD784ED1}.Release|x86.ActiveCfg = Release|Any CPU
		{3B7CF671-E246-4284-9DEB-F7F8CD784ED1}.SingleImage|Any CPU.ActiveCfg = Release|Any CPU
		{3B7CF671-E246-4284-9DEB-F7F8CD784ED1}.SingleImage|Any CPU.Build.0 = Release|Any CPU
		{3B7CF671-E246-4284-9DEB-F7F8CD784ED1}.SingleImage|Mixed Platforms.ActiveCfg = Release|Any CPU
		{3B7CF671-E246-4284-9DEB-F7F8CD784ED1}.SingleImage|Mixed Platforms.Build.0 = Release|Any CPU
		{3B7CF671-E246-4284-9DEB-F7F8CD784ED1}.SingleImage|x86.ActiveCfg = Release|Any CPU
		{413B698C-0D7D-4FCD-9F16-AF51AED4E647}.CD_ROM|Any CPU.ActiveCfg = Release|Any CPU
		{413B698C-0D7D-4FCD-9F16-AF51AED4E647}.CD_ROM|Any CPU.Build.0 = Release|Any CPU
		{413B698C-0D7D-4FCD-9F16-AF51AED4E647}.CD_ROM|Mixed Platforms.ActiveCfg = Release|Any CPU
		{413B698C-0D7D-4FCD-9F16-AF51AED4E647}.CD_ROM|Mixed Platforms.Build.0 = Release|Any CPU
		{413B698C-0D7D-4FCD-9F16-AF51AED4E647}.CD_ROM|x86.ActiveCfg = Release|Any CPU
		{413B698C-0D7D-4FCD-9F16-AF51AED4E647}.de|Any CPU.ActiveCfg = de|Any CPU
		{413B698C-0D7D-4FCD-9F16-AF51AED4E647}.de|Any CPU.Build.0 = de|Any CPU
		{413B698C-0D7D-4FCD-9F16-AF51AED4E647}.de|Mixed Platforms.ActiveCfg = de|Any CPU
		{413B698C-0D7D-4FCD-9F16-AF51AED4E647}.de|Mixed Platforms.Build.0 = de|Any CPU
		{413B698C-0D7D-4FCD-9F16-AF51AED4E647}.de|x86.ActiveCfg = de|Any CPU
		{413B698C-0D7D-4FCD-9F16-AF51AED4E647}.Debug|Any CPU.ActiveCfg = Debug|Any CPU
		{413B698C-0D7D-4FCD-9F16-AF51AED4E647}.Debug|Any CPU.Build.0 = Debug|Any CPU
		{413B698C-0D7D-4FCD-9F16-AF51AED4E647}.Debug|Mixed Platforms.ActiveCfg = Release|Any CPU
		{413B698C-0D7D-4FCD-9F16-AF51AED4E647}.Debug|Mixed Platforms.Build.0 = Release|Any CPU
		{413B698C-0D7D-4FCD-9F16-AF51AED4E647}.Debug|x86.ActiveCfg = Debug|Any CPU
		{413B698C-0D7D-4FCD-9F16-AF51AED4E647}.DVD-5|Any CPU.ActiveCfg = Debug|Any CPU
		{413B698C-0D7D-4FCD-9F16-AF51AED4E647}.DVD-5|Any CPU.Build.0 = Debug|Any CPU
		{413B698C-0D7D-4FCD-9F16-AF51AED4E647}.DVD-5|Mixed Platforms.ActiveCfg = Release|Any CPU
		{413B698C-0D7D-4FCD-9F16-AF51AED4E647}.DVD-5|Mixed Platforms.Build.0 = Release|Any CPU
		{413B698C-0D7D-4FCD-9F16-AF51AED4E647}.DVD-5|x86.ActiveCfg = Debug|Any CPU
		{413B698C-0D7D-4FCD-9F16-AF51AED4E647}.Release|Any CPU.ActiveCfg = Release|Any CPU
		{413B698C-0D7D-4FCD-9F16-AF51AED4E647}.Release|Any CPU.Build.0 = Release|Any CPU
		{413B698C-0D7D-4FCD-9F16-AF51AED4E647}.Release|Mixed Platforms.ActiveCfg = Release|Any CPU
		{413B698C-0D7D-4FCD-9F16-AF51AED4E647}.Release|Mixed Platforms.Build.0 = Release|Any CPU
		{413B698C-0D7D-4FCD-9F16-AF51AED4E647}.Release|x86.ActiveCfg = Release|Any CPU
		{413B698C-0D7D-4FCD-9F16-AF51AED4E647}.SingleImage|Any CPU.ActiveCfg = Release|Any CPU
		{413B698C-0D7D-4FCD-9F16-AF51AED4E647}.SingleImage|Any CPU.Build.0 = Release|Any CPU
		{413B698C-0D7D-4FCD-9F16-AF51AED4E647}.SingleImage|Mixed Platforms.ActiveCfg = Release|Any CPU
		{413B698C-0D7D-4FCD-9F16-AF51AED4E647}.SingleImage|Mixed Platforms.Build.0 = Release|Any CPU
		{413B698C-0D7D-4FCD-9F16-AF51AED4E647}.SingleImage|x86.ActiveCfg = Release|Any CPU
		{A31255F4-E8D8-4D8E-B25A-48FB7ED059F5}.CD_ROM|Any CPU.ActiveCfg = Release|x86
		{A31255F4-E8D8-4D8E-B25A-48FB7ED059F5}.CD_ROM|Mixed Platforms.ActiveCfg = Release|x86
		{A31255F4-E8D8-4D8E-B25A-48FB7ED059F5}.CD_ROM|Mixed Platforms.Build.0 = Release|x86
		{A31255F4-E8D8-4D8E-B25A-48FB7ED059F5}.CD_ROM|x86.ActiveCfg = Release|x86
		{A31255F4-E8D8-4D8E-B25A-48FB7ED059F5}.CD_ROM|x86.Build.0 = Release|x86
		{A31255F4-E8D8-4D8E-B25A-48FB7ED059F5}.de|Any CPU.ActiveCfg = de|x86
		{A31255F4-E8D8-4D8E-B25A-48FB7ED059F5}.de|Mixed Platforms.ActiveCfg = de|x86
		{A31255F4-E8D8-4D8E-B25A-48FB7ED059F5}.de|Mixed Platforms.Build.0 = de|x86
		{A31255F4-E8D8-4D8E-B25A-48FB7ED059F5}.de|x86.ActiveCfg = de|x86
		{A31255F4-E8D8-4D8E-B25A-48FB7ED059F5}.Debug|Any CPU.ActiveCfg = Debug|x86
		{A31255F4-E8D8-4D8E-B25A-48FB7ED059F5}.Debug|Mixed Platforms.ActiveCfg = Release|x86
		{A31255F4-E8D8-4D8E-B25A-48FB7ED059F5}.Debug|Mixed Platforms.Build.0 = Release|x86
		{A31255F4-E8D8-4D8E-B25A-48FB7ED059F5}.Debug|x86.ActiveCfg = Debug|x86
		{A31255F4-E8D8-4D8E-B25A-48FB7ED059F5}.Debug|x86.Build.0 = Debug|x86
		{A31255F4-E8D8-4D8E-B25A-48FB7ED059F5}.DVD-5|Any CPU.ActiveCfg = Debug|x86
		{A31255F4-E8D8-4D8E-B25A-48FB7ED059F5}.DVD-5|Mixed Platforms.ActiveCfg = Release|x86
		{A31255F4-E8D8-4D8E-B25A-48FB7ED059F5}.DVD-5|Mixed Platforms.Build.0 = Release|x86
		{A31255F4-E8D8-4D8E-B25A-48FB7ED059F5}.DVD-5|x86.ActiveCfg = Debug|x86
		{A31255F4-E8D8-4D8E-B25A-48FB7ED059F5}.DVD-5|x86.Build.0 = Debug|x86
		{A31255F4-E8D8-4D8E-B25A-48FB7ED059F5}.Release|Any CPU.ActiveCfg = Release|x86
		{A31255F4-E8D8-4D8E-B25A-48FB7ED059F5}.Release|Mixed Platforms.ActiveCfg = Release|x86
		{A31255F4-E8D8-4D8E-B25A-48FB7ED059F5}.Release|Mixed Platforms.Build.0 = Release|x86
		{A31255F4-E8D8-4D8E-B25A-48FB7ED059F5}.Release|x86.ActiveCfg = Release|x86
		{A31255F4-E8D8-4D8E-B25A-48FB7ED059F5}.Release|x86.Build.0 = Release|x86
		{A31255F4-E8D8-4D8E-B25A-48FB7ED059F5}.SingleImage|Any CPU.ActiveCfg = Release|x86
		{A31255F4-E8D8-4D8E-B25A-48FB7ED059F5}.SingleImage|Mixed Platforms.ActiveCfg = Release|x86
		{A31255F4-E8D8-4D8E-B25A-48FB7ED059F5}.SingleImage|Mixed Platforms.Build.0 = Release|x86
		{A31255F4-E8D8-4D8E-B25A-48FB7ED059F5}.SingleImage|x86.ActiveCfg = Release|x86
		{A31255F4-E8D8-4D8E-B25A-48FB7ED059F5}.SingleImage|x86.Build.0 = Release|x86
		{2D64F506-D566-4CA5-A19C-BCB5F9A2E7F4}.CD_ROM|Any CPU.ActiveCfg = Release|Any CPU
		{2D64F506-D566-4CA5-A19C-BCB5F9A2E7F4}.CD_ROM|Any CPU.Build.0 = Release|Any CPU
		{2D64F506-D566-4CA5-A19C-BCB5F9A2E7F4}.CD_ROM|Mixed Platforms.ActiveCfg = Release|Any CPU
		{2D64F506-D566-4CA5-A19C-BCB5F9A2E7F4}.CD_ROM|Mixed Platforms.Build.0 = Release|Any CPU
		{2D64F506-D566-4CA5-A19C-BCB5F9A2E7F4}.CD_ROM|x86.ActiveCfg = Release|Any CPU
		{2D64F506-D566-4CA5-A19C-BCB5F9A2E7F4}.de|Any CPU.ActiveCfg = de|Any CPU
		{2D64F506-D566-4CA5-A19C-BCB5F9A2E7F4}.de|Any CPU.Build.0 = de|Any CPU
		{2D64F506-D566-4CA5-A19C-BCB5F9A2E7F4}.de|Mixed Platforms.ActiveCfg = de|Any CPU
		{2D64F506-D566-4CA5-A19C-BCB5F9A2E7F4}.de|Mixed Platforms.Build.0 = de|Any CPU
		{2D64F506-D566-4CA5-A19C-BCB5F9A2E7F4}.de|x86.ActiveCfg = de|Any CPU
		{2D64F506-D566-4CA5-A19C-BCB5F9A2E7F4}.Debug|Any CPU.ActiveCfg = Debug|Any CPU
		{2D64F506-D566-4CA5-A19C-BCB5F9A2E7F4}.Debug|Any CPU.Build.0 = Debug|Any CPU
		{2D64F506-D566-4CA5-A19C-BCB5F9A2E7F4}.Debug|Mixed Platforms.ActiveCfg = Release|Any CPU
		{2D64F506-D566-4CA5-A19C-BCB5F9A2E7F4}.Debug|Mixed Platforms.Build.0 = Release|Any CPU
		{2D64F506-D566-4CA5-A19C-BCB5F9A2E7F4}.Debug|x86.ActiveCfg = Debug|Any CPU
		{2D64F506-D566-4CA5-A19C-BCB5F9A2E7F4}.DVD-5|Any CPU.ActiveCfg = Debug|Any CPU
		{2D64F506-D566-4CA5-A19C-BCB5F9A2E7F4}.DVD-5|Any CPU.Build.0 = Debug|Any CPU
		{2D64F506-D566-4CA5-A19C-BCB5F9A2E7F4}.DVD-5|Mixed Platforms.ActiveCfg = Release|Any CPU
		{2D64F506-D566-4CA5-A19C-BCB5F9A2E7F4}.DVD-5|Mixed Platforms.Build.0 = Release|Any CPU
		{2D64F506-D566-4CA5-A19C-BCB5F9A2E7F4}.DVD-5|x86.ActiveCfg = Debug|Any CPU
		{2D64F506-D566-4CA5-A19C-BCB5F9A2E7F4}.Release|Any CPU.ActiveCfg = Release|Any CPU
		{2D64F506-D566-4CA5-A19C-BCB5F9A2E7F4}.Release|Any CPU.Build.0 = Release|Any CPU
		{2D64F506-D566-4CA5-A19C-BCB5F9A2E7F4}.Release|Mixed Platforms.ActiveCfg = Release|Any CPU
		{2D64F506-D566-4CA5-A19C-BCB5F9A2E7F4}.Release|Mixed Platforms.Build.0 = Release|Any CPU
		{2D64F506-D566-4CA5-A19C-BCB5F9A2E7F4}.Release|x86.ActiveCfg = Release|Any CPU
		{2D64F506-D566-4CA5-A19C-BCB5F9A2E7F4}.SingleImage|Any CPU.ActiveCfg = Release|Any CPU
		{2D64F506-D566-4CA5-A19C-BCB5F9A2E7F4}.SingleImage|Any CPU.Build.0 = Release|Any CPU
		{2D64F506-D566-4CA5-A19C-BCB5F9A2E7F4}.SingleImage|Mixed Platforms.ActiveCfg = Release|Any CPU
		{2D64F506-D566-4CA5-A19C-BCB5F9A2E7F4}.SingleImage|Mixed Platforms.Build.0 = Release|Any CPU
		{2D64F506-D566-4CA5-A19C-BCB5F9A2E7F4}.SingleImage|x86.ActiveCfg = Release|Any CPU
		{4F2C080C-FF9C-4604-8DAF-C5732BC17A05}.CD_ROM|Any CPU.ActiveCfg = Release|Any CPU
		{4F2C080C-FF9C-4604-8DAF-C5732BC17A05}.CD_ROM|Any CPU.Build.0 = Release|Any CPU
		{4F2C080C-FF9C-4604-8DAF-C5732BC17A05}.CD_ROM|Mixed Platforms.ActiveCfg = Release|Any CPU
		{4F2C080C-FF9C-4604-8DAF-C5732BC17A05}.CD_ROM|Mixed Platforms.Build.0 = Release|Any CPU
		{4F2C080C-FF9C-4604-8DAF-C5732BC17A05}.CD_ROM|x86.ActiveCfg = Release|Any CPU
		{4F2C080C-FF9C-4604-8DAF-C5732BC17A05}.de|Any CPU.ActiveCfg = de|Any CPU
		{4F2C080C-FF9C-4604-8DAF-C5732BC17A05}.de|Any CPU.Build.0 = de|Any CPU
		{4F2C080C-FF9C-4604-8DAF-C5732BC17A05}.de|Mixed Platforms.ActiveCfg = de|Any CPU
		{4F2C080C-FF9C-4604-8DAF-C5732BC17A05}.de|Mixed Platforms.Build.0 = de|Any CPU
		{4F2C080C-FF9C-4604-8DAF-C5732BC17A05}.de|x86.ActiveCfg = de|Any CPU
		{4F2C080C-FF9C-4604-8DAF-C5732BC17A05}.Debug|Any CPU.ActiveCfg = Debug|Any CPU
		{4F2C080C-FF9C-4604-8DAF-C5732BC17A05}.Debug|Any CPU.Build.0 = Debug|Any CPU
		{4F2C080C-FF9C-4604-8DAF-C5732BC17A05}.Debug|Mixed Platforms.ActiveCfg = Release|Any CPU
		{4F2C080C-FF9C-4604-8DAF-C5732BC17A05}.Debug|Mixed Platforms.Build.0 = Release|Any CPU
		{4F2C080C-FF9C-4604-8DAF-C5732BC17A05}.Debug|x86.ActiveCfg = Debug|Any CPU
		{4F2C080C-FF9C-4604-8DAF-C5732BC17A05}.DVD-5|Any CPU.ActiveCfg = Debug|Any CPU
		{4F2C080C-FF9C-4604-8DAF-C5732BC17A05}.DVD-5|Any CPU.Build.0 = Debug|Any CPU
		{4F2C080C-FF9C-4604-8DAF-C5732BC17A05}.DVD-5|Mixed Platforms.ActiveCfg = Release|Any CPU
		{4F2C080C-FF9C-4604-8DAF-C5732BC17A05}.DVD-5|Mixed Platforms.Build.0 = Release|Any CPU
		{4F2C080C-FF9C-4604-8DAF-C5732BC17A05}.DVD-5|x86.ActiveCfg = Debug|Any CPU
		{4F2C080C-FF9C-4604-8DAF-C5732BC17A05}.Release|Any CPU.ActiveCfg = Release|Any CPU
		{4F2C080C-FF9C-4604-8DAF-C5732BC17A05}.Release|Any CPU.Build.0 = Release|Any CPU
		{4F2C080C-FF9C-4604-8DAF-C5732BC17A05}.Release|Mixed Platforms.ActiveCfg = Release|Any CPU
		{4F2C080C-FF9C-4604-8DAF-C5732BC17A05}.Release|Mixed Platforms.Build.0 = Release|Any CPU
		{4F2C080C-FF9C-4604-8DAF-C5732BC17A05}.Release|x86.ActiveCfg = Release|Any CPU
		{4F2C080C-FF9C-4604-8DAF-C5732BC17A05}.SingleImage|Any CPU.ActiveCfg = Release|Any CPU
		{4F2C080C-FF9C-4604-8DAF-C5732BC17A05}.SingleImage|Any CPU.Build.0 = Release|Any CPU
		{4F2C080C-FF9C-4604-8DAF-C5732BC17A05}.SingleImage|Mixed Platforms.ActiveCfg = Release|Any CPU
		{4F2C080C-FF9C-4604-8DAF-C5732BC17A05}.SingleImage|Mixed Platforms.Build.0 = Release|Any CPU
		{4F2C080C-FF9C-4604-8DAF-C5732BC17A05}.SingleImage|x86.ActiveCfg = Release|Any CPU
		{47B51F0A-26F8-49A8-AAC9-2DD31CC15F27}.CD_ROM|Any CPU.ActiveCfg = Release|Any CPU
		{47B51F0A-26F8-49A8-AAC9-2DD31CC15F27}.CD_ROM|Any CPU.Build.0 = Release|Any CPU
		{47B51F0A-26F8-49A8-AAC9-2DD31CC15F27}.CD_ROM|Mixed Platforms.ActiveCfg = Release|Any CPU
		{47B51F0A-26F8-49A8-AAC9-2DD31CC15F27}.CD_ROM|Mixed Platforms.Build.0 = Release|Any CPU
		{47B51F0A-26F8-49A8-AAC9-2DD31CC15F27}.CD_ROM|x86.ActiveCfg = Release|Any CPU
		{47B51F0A-26F8-49A8-AAC9-2DD31CC15F27}.de|Any CPU.ActiveCfg = de|Any CPU
		{47B51F0A-26F8-49A8-AAC9-2DD31CC15F27}.de|Any CPU.Build.0 = de|Any CPU
		{47B51F0A-26F8-49A8-AAC9-2DD31CC15F27}.de|Mixed Platforms.ActiveCfg = de|Any CPU
		{47B51F0A-26F8-49A8-AAC9-2DD31CC15F27}.de|Mixed Platforms.Build.0 = de|Any CPU
		{47B51F0A-26F8-49A8-AAC9-2DD31CC15F27}.de|x86.ActiveCfg = de|Any CPU
		{47B51F0A-26F8-49A8-AAC9-2DD31CC15F27}.Debug|Any CPU.ActiveCfg = Debug|Any CPU
		{47B51F0A-26F8-49A8-AAC9-2DD31CC15F27}.Debug|Any CPU.Build.0 = Debug|Any CPU
		{47B51F0A-26F8-49A8-AAC9-2DD31CC15F27}.Debug|Mixed Platforms.ActiveCfg = Release|Any CPU
		{47B51F0A-26F8-49A8-AAC9-2DD31CC15F27}.Debug|Mixed Platforms.Build.0 = Release|Any CPU
		{47B51F0A-26F8-49A8-AAC9-2DD31CC15F27}.Debug|x86.ActiveCfg = Debug|Any CPU
		{47B51F0A-26F8-49A8-AAC9-2DD31CC15F27}.DVD-5|Any CPU.ActiveCfg = Debug|Any CPU
		{47B51F0A-26F8-49A8-AAC9-2DD31CC15F27}.DVD-5|Any CPU.Build.0 = Debug|Any CPU
		{47B51F0A-26F8-49A8-AAC9-2DD31CC15F27}.DVD-5|Mixed Platforms.ActiveCfg = Release|Any CPU
		{47B51F0A-26F8-49A8-AAC9-2DD31CC15F27}.DVD-5|Mixed Platforms.Build.0 = Release|Any CPU
		{47B51F0A-26F8-49A8-AAC9-2DD31CC15F27}.DVD-5|x86.ActiveCfg = Debug|Any CPU
		{47B51F0A-26F8-49A8-AAC9-2DD31CC15F27}.Release|Any CPU.ActiveCfg = Release|Any CPU
		{47B51F0A-26F8-49A8-AAC9-2DD31CC15F27}.Release|Any CPU.Build.0 = Release|Any CPU
		{47B51F0A-26F8-49A8-AAC9-2DD31CC15F27}.Release|Mixed Platforms.ActiveCfg = Release|Any CPU
		{47B51F0A-26F8-49A8-AAC9-2DD31CC15F27}.Release|Mixed Platforms.Build.0 = Release|Any CPU
		{47B51F0A-26F8-49A8-AAC9-2DD31CC15F27}.Release|x86.ActiveCfg = Release|Any CPU
		{47B51F0A-26F8-49A8-AAC9-2DD31CC15F27}.SingleImage|Any CPU.ActiveCfg = Release|Any CPU
		{47B51F0A-26F8-49A8-AAC9-2DD31CC15F27}.SingleImage|Any CPU.Build.0 = Release|Any CPU
		{47B51F0A-26F8-49A8-AAC9-2DD31CC15F27}.SingleImage|Mixed Platforms.ActiveCfg = Release|Any CPU
		{47B51F0A-26F8-49A8-AAC9-2DD31CC15F27}.SingleImage|Mixed Platforms.Build.0 = Release|Any CPU
		{47B51F0A-26F8-49A8-AAC9-2DD31CC15F27}.SingleImage|x86.ActiveCfg = Release|Any CPU
		{9497C48E-B9B5-4869-820E-09ECE4347632}.CD_ROM|Any CPU.ActiveCfg = Release|Any CPU
		{9497C48E-B9B5-4869-820E-09ECE4347632}.CD_ROM|Any CPU.Build.0 = Release|Any CPU
		{9497C48E-B9B5-4869-820E-09ECE4347632}.CD_ROM|Mixed Platforms.ActiveCfg = Release|Any CPU
		{9497C48E-B9B5-4869-820E-09ECE4347632}.CD_ROM|Mixed Platforms.Build.0 = Release|Any CPU
		{9497C48E-B9B5-4869-820E-09ECE4347632}.CD_ROM|x86.ActiveCfg = Release|Any CPU
		{9497C48E-B9B5-4869-820E-09ECE4347632}.de|Any CPU.ActiveCfg = de|Any CPU
		{9497C48E-B9B5-4869-820E-09ECE4347632}.de|Any CPU.Build.0 = de|Any CPU
		{9497C48E-B9B5-4869-820E-09ECE4347632}.de|Mixed Platforms.ActiveCfg = de|Any CPU
		{9497C48E-B9B5-4869-820E-09ECE4347632}.de|Mixed Platforms.Build.0 = de|Any CPU
		{9497C48E-B9B5-4869-820E-09ECE4347632}.de|x86.ActiveCfg = de|Any CPU
		{9497C48E-B9B5-4869-820E-09ECE4347632}.Debug|Any CPU.ActiveCfg = Debug|Any CPU
		{9497C48E-B9B5-4869-820E-09ECE4347632}.Debug|Any CPU.Build.0 = Debug|Any CPU
		{9497C48E-B9B5-4869-820E-09ECE4347632}.Debug|Mixed Platforms.ActiveCfg = Release|Any CPU
		{9497C48E-B9B5-4869-820E-09ECE4347632}.Debug|Mixed Platforms.Build.0 = Release|Any CPU
		{9497C48E-B9B5-4869-820E-09ECE4347632}.Debug|x86.ActiveCfg = Debug|Any CPU
		{9497C48E-B9B5-4869-820E-09ECE4347632}.DVD-5|Any CPU.ActiveCfg = Debug|Any CPU
		{9497C48E-B9B5-4869-820E-09ECE4347632}.DVD-5|Any CPU.Build.0 = Debug|Any CPU
		{9497C48E-B9B5-4869-820E-09ECE4347632}.DVD-5|Mixed Platforms.ActiveCfg = Release|Any CPU
		{9497C48E-B9B5-4869-820E-09ECE4347632}.DVD-5|Mixed Platforms.Build.0 = Release|Any CPU
		{9497C48E-B9B5-4869-820E-09ECE4347632}.DVD-5|x86.ActiveCfg = Debug|Any CPU
		{9497C48E-B9B5-4869-820E-09ECE4347632}.Release|Any CPU.ActiveCfg = Release|Any CPU
		{9497C48E-B9B5-4869-820E-09ECE4347632}.Release|Any CPU.Build.0 = Release|Any CPU
		{9497C48E-B9B5-4869-820E-09ECE4347632}.Release|Mixed Platforms.ActiveCfg = Release|Any CPU
		{9497C48E-B9B5-4869-820E-09ECE4347632}.Release|Mixed Platforms.Build.0 = Release|Any CPU
		{9497C48E-B9B5-4869-820E-09ECE4347632}.Release|x86.ActiveCfg = Release|Any CPU
		{9497C48E-B9B5-4869-820E-09ECE4347632}.SingleImage|Any CPU.ActiveCfg = Release|Any CPU
		{9497C48E-B9B5-4869-820E-09ECE4347632}.SingleImage|Any CPU.Build.0 = Release|Any CPU
		{9497C48E-B9B5-4869-820E-09ECE4347632}.SingleImage|Mixed Platforms.ActiveCfg = Release|Any CPU
		{9497C48E-B9B5-4869-820E-09ECE4347632}.SingleImage|Mixed Platforms.Build.0 = Release|Any CPU
		{9497C48E-B9B5-4869-820E-09ECE4347632}.SingleImage|x86.ActiveCfg = Release|Any CPU
		{434D497A-D439-44C8-84A5-5301B572708F}.CD_ROM|Any CPU.ActiveCfg = Release|Any CPU
		{434D497A-D439-44C8-84A5-5301B572708F}.CD_ROM|Any CPU.Build.0 = Release|Any CPU
		{434D497A-D439-44C8-84A5-5301B572708F}.CD_ROM|Mixed Platforms.ActiveCfg = Release|Any CPU
		{434D497A-D439-44C8-84A5-5301B572708F}.CD_ROM|Mixed Platforms.Build.0 = Release|Any CPU
		{434D497A-D439-44C8-84A5-5301B572708F}.CD_ROM|x86.ActiveCfg = Release|Any CPU
		{434D497A-D439-44C8-84A5-5301B572708F}.de|Any CPU.ActiveCfg = de|Any CPU
		{434D497A-D439-44C8-84A5-5301B572708F}.de|Any CPU.Build.0 = de|Any CPU
		{434D497A-D439-44C8-84A5-5301B572708F}.de|Mixed Platforms.ActiveCfg = de|Any CPU
		{434D497A-D439-44C8-84A5-5301B572708F}.de|Mixed Platforms.Build.0 = de|Any CPU
		{434D497A-D439-44C8-84A5-5301B572708F}.de|x86.ActiveCfg = de|Any CPU
		{434D497A-D439-44C8-84A5-5301B572708F}.Debug|Any CPU.ActiveCfg = Debug|Any CPU
		{434D497A-D439-44C8-84A5-5301B572708F}.Debug|Any CPU.Build.0 = Debug|Any CPU
		{434D497A-D439-44C8-84A5-5301B572708F}.Debug|Mixed Platforms.ActiveCfg = Release|Any CPU
		{434D497A-D439-44C8-84A5-5301B572708F}.Debug|Mixed Platforms.Build.0 = Release|Any CPU
		{434D497A-D439-44C8-84A5-5301B572708F}.Debug|x86.ActiveCfg = Debug|Any CPU
		{434D497A-D439-44C8-84A5-5301B572708F}.DVD-5|Any CPU.ActiveCfg = Debug|Any CPU
		{434D497A-D439-44C8-84A5-5301B572708F}.DVD-5|Any CPU.Build.0 = Debug|Any CPU
		{434D497A-D439-44C8-84A5-5301B572708F}.DVD-5|Mixed Platforms.ActiveCfg = Release|Any CPU
		{434D497A-D439-44C8-84A5-5301B572708F}.DVD-5|Mixed Platforms.Build.0 = Release|Any CPU
		{434D497A-D439-44C8-84A5-5301B572708F}.DVD-5|x86.ActiveCfg = Debug|Any CPU
		{434D497A-D439-44C8-84A5-5301B572708F}.Release|Any CPU.ActiveCfg = Release|Any CPU
		{434D497A-D439-44C8-84A5-5301B572708F}.Release|Any CPU.Build.0 = Release|Any CPU
		{434D497A-D439-44C8-84A5-5301B572708F}.Release|Mixed Platforms.ActiveCfg = Release|Any CPU
		{434D497A-D439-44C8-84A5-5301B572708F}.Release|Mixed Platforms.Build.0 = Release|Any CPU
		{434D497A-D439-44C8-84A5-5301B572708F}.Release|x86.ActiveCfg = Release|Any CPU
		{434D497A-D439-44C8-84A5-5301B572708F}.SingleImage|Any CPU.ActiveCfg = Release|Any CPU
		{434D497A-D439-44C8-84A5-5301B572708F}.SingleImage|Any CPU.Build.0 = Release|Any CPU
		{434D497A-D439-44C8-84A5-5301B572708F}.SingleImage|Mixed Platforms.ActiveCfg = Release|Any CPU
		{434D497A-D439-44C8-84A5-5301B572708F}.SingleImage|Mixed Platforms.Build.0 = Release|Any CPU
		{434D497A-D439-44C8-84A5-5301B572708F}.SingleImage|x86.ActiveCfg = Release|Any CPU
		{EDEF0022-075C-4DEC-853F-6558F9E8438A}.CD_ROM|Any CPU.ActiveCfg = Release|Any CPU
		{EDEF0022-075C-4DEC-853F-6558F9E8438A}.CD_ROM|Any CPU.Build.0 = Release|Any CPU
		{EDEF0022-075C-4DEC-853F-6558F9E8438A}.CD_ROM|Mixed Platforms.ActiveCfg = Release|Any CPU
		{EDEF0022-075C-4DEC-853F-6558F9E8438A}.CD_ROM|Mixed Platforms.Build.0 = Release|Any CPU
		{EDEF0022-075C-4DEC-853F-6558F9E8438A}.CD_ROM|x86.ActiveCfg = Release|Any CPU
		{EDEF0022-075C-4DEC-853F-6558F9E8438A}.de|Any CPU.ActiveCfg = de|Any CPU
		{EDEF0022-075C-4DEC-853F-6558F9E8438A}.de|Any CPU.Build.0 = de|Any CPU
		{EDEF0022-075C-4DEC-853F-6558F9E8438A}.de|Mixed Platforms.ActiveCfg = de|Any CPU
		{EDEF0022-075C-4DEC-853F-6558F9E8438A}.de|Mixed Platforms.Build.0 = de|Any CPU
		{EDEF0022-075C-4DEC-853F-6558F9E8438A}.de|x86.ActiveCfg = de|Any CPU
		{EDEF0022-075C-4DEC-853F-6558F9E8438A}.Debug|Any CPU.ActiveCfg = Debug|Any CPU
		{EDEF0022-075C-4DEC-853F-6558F9E8438A}.Debug|Any CPU.Build.0 = Debug|Any CPU
		{EDEF0022-075C-4DEC-853F-6558F9E8438A}.Debug|Mixed Platforms.ActiveCfg = Release|Any CPU
		{EDEF0022-075C-4DEC-853F-6558F9E8438A}.Debug|Mixed Platforms.Build.0 = Release|Any CPU
		{EDEF0022-075C-4DEC-853F-6558F9E8438A}.Debug|x86.ActiveCfg = Debug|Any CPU
		{EDEF0022-075C-4DEC-853F-6558F9E8438A}.DVD-5|Any CPU.ActiveCfg = Debug|Any CPU
		{EDEF0022-075C-4DEC-853F-6558F9E8438A}.DVD-5|Any CPU.Build.0 = Debug|Any CPU
		{EDEF0022-075C-4DEC-853F-6558F9E8438A}.DVD-5|Mixed Platforms.ActiveCfg = Release|Any CPU
		{EDEF0022-075C-4DEC-853F-6558F9E8438A}.DVD-5|Mixed Platforms.Build.0 = Release|Any CPU
		{EDEF0022-075C-4DEC-853F-6558F9E8438A}.DVD-5|x86.ActiveCfg = Debug|Any CPU
		{EDEF0022-075C-4DEC-853F-6558F9E8438A}.Release|Any CPU.ActiveCfg = Release|Any CPU
		{EDEF0022-075C-4DEC-853F-6558F9E8438A}.Release|Any CPU.Build.0 = Release|Any CPU
		{EDEF0022-075C-4DEC-853F-6558F9E8438A}.Release|Mixed Platforms.ActiveCfg = Release|Any CPU
		{EDEF0022-075C-4DEC-853F-6558F9E8438A}.Release|Mixed Platforms.Build.0 = Release|Any CPU
		{EDEF0022-075C-4DEC-853F-6558F9E8438A}.Release|x86.ActiveCfg = Release|Any CPU
		{EDEF0022-075C-4DEC-853F-6558F9E8438A}.SingleImage|Any CPU.ActiveCfg = Release|Any CPU
		{EDEF0022-075C-4DEC-853F-6558F9E8438A}.SingleImage|Any CPU.Build.0 = Release|Any CPU
		{EDEF0022-075C-4DEC-853F-6558F9E8438A}.SingleImage|Mixed Platforms.ActiveCfg = Release|Any CPU
		{EDEF0022-075C-4DEC-853F-6558F9E8438A}.SingleImage|Mixed Platforms.Build.0 = Release|Any CPU
		{EDEF0022-075C-4DEC-853F-6558F9E8438A}.SingleImage|x86.ActiveCfg = Release|Any CPU
		{C23F85CE-17B7-4A7D-9FEB-9189EA1D53D6}.CD_ROM|Any CPU.ActiveCfg = Release|Any CPU
		{C23F85CE-17B7-4A7D-9FEB-9189EA1D53D6}.CD_ROM|Any CPU.Build.0 = Release|Any CPU
		{C23F85CE-17B7-4A7D-9FEB-9189EA1D53D6}.CD_ROM|Mixed Platforms.ActiveCfg = Release|Any CPU
		{C23F85CE-17B7-4A7D-9FEB-9189EA1D53D6}.CD_ROM|Mixed Platforms.Build.0 = Release|Any CPU
		{C23F85CE-17B7-4A7D-9FEB-9189EA1D53D6}.CD_ROM|x86.ActiveCfg = Release|Any CPU
		{C23F85CE-17B7-4A7D-9FEB-9189EA1D53D6}.de|Any CPU.ActiveCfg = de|Any CPU
		{C23F85CE-17B7-4A7D-9FEB-9189EA1D53D6}.de|Any CPU.Build.0 = de|Any CPU
		{C23F85CE-17B7-4A7D-9FEB-9189EA1D53D6}.de|Mixed Platforms.ActiveCfg = de|Any CPU
		{C23F85CE-17B7-4A7D-9FEB-9189EA1D53D6}.de|Mixed Platforms.Build.0 = de|Any CPU
		{C23F85CE-17B7-4A7D-9FEB-9189EA1D53D6}.de|x86.ActiveCfg = de|Any CPU
		{C23F85CE-17B7-4A7D-9FEB-9189EA1D53D6}.Debug|Any CPU.ActiveCfg = Debug|Any CPU
		{C23F85CE-17B7-4A7D-9FEB-9189EA1D53D6}.Debug|Any CPU.Build.0 = Debug|Any CPU
		{C23F85CE-17B7-4A7D-9FEB-9189EA1D53D6}.Debug|Mixed Platforms.ActiveCfg = Release|Any CPU
		{C23F85CE-17B7-4A7D-9FEB-9189EA1D53D6}.Debug|Mixed Platforms.Build.0 = Release|Any CPU
		{C23F85CE-17B7-4A7D-9FEB-9189EA1D53D6}.Debug|x86.ActiveCfg = Debug|Any CPU
		{C23F85CE-17B7-4A7D-9FEB-9189EA1D53D6}.DVD-5|Any CPU.ActiveCfg = Debug|Any CPU
		{C23F85CE-17B7-4A7D-9FEB-9189EA1D53D6}.DVD-5|Any CPU.Build.0 = Debug|Any CPU
		{C23F85CE-17B7-4A7D-9FEB-9189EA1D53D6}.DVD-5|Mixed Platforms.ActiveCfg = Release|Any CPU
		{C23F85CE-17B7-4A7D-9FEB-9189EA1D53D6}.DVD-5|Mixed Platforms.Build.0 = Release|Any CPU
		{C23F85CE-17B7-4A7D-9FEB-9189EA1D53D6}.DVD-5|x86.ActiveCfg = Debug|Any CPU
		{C23F85CE-17B7-4A7D-9FEB-9189EA1D53D6}.Release|Any CPU.ActiveCfg = Release|Any CPU
		{C23F85CE-17B7-4A7D-9FEB-9189EA1D53D6}.Release|Any CPU.Build.0 = Release|Any CPU
		{C23F85CE-17B7-4A7D-9FEB-9189EA1D53D6}.Release|Mixed Platforms.ActiveCfg = Release|Any CPU
		{C23F85CE-17B7-4A7D-9FEB-9189EA1D53D6}.Release|Mixed Platforms.Build.0 = Release|Any CPU
		{C23F85CE-17B7-4A7D-9FEB-9189EA1D53D6}.Release|x86.ActiveCfg = Release|Any CPU
		{C23F85CE-17B7-4A7D-9FEB-9189EA1D53D6}.SingleImage|Any CPU.ActiveCfg = Release|Any CPU
		{C23F85CE-17B7-4A7D-9FEB-9189EA1D53D6}.SingleImage|Any CPU.Build.0 = Release|Any CPU
		{C23F85CE-17B7-4A7D-9FEB-9189EA1D53D6}.SingleImage|Mixed Platforms.ActiveCfg = Release|Any CPU
		{C23F85CE-17B7-4A7D-9FEB-9189EA1D53D6}.SingleImage|Mixed Platforms.Build.0 = Release|Any CPU
		{C23F85CE-17B7-4A7D-9FEB-9189EA1D53D6}.SingleImage|x86.ActiveCfg = Release|Any CPU
		{3AED3A4C-F3D7-4D29-BF58-85743E4F7AFD}.CD_ROM|Any CPU.ActiveCfg = Release|Any CPU
		{3AED3A4C-F3D7-4D29-BF58-85743E4F7AFD}.CD_ROM|Any CPU.Build.0 = Release|Any CPU
		{3AED3A4C-F3D7-4D29-BF58-85743E4F7AFD}.CD_ROM|Mixed Platforms.ActiveCfg = Release|Any CPU
		{3AED3A4C-F3D7-4D29-BF58-85743E4F7AFD}.CD_ROM|Mixed Platforms.Build.0 = Release|Any CPU
		{3AED3A4C-F3D7-4D29-BF58-85743E4F7AFD}.CD_ROM|x86.ActiveCfg = Release|Any CPU
		{3AED3A4C-F3D7-4D29-BF58-85743E4F7AFD}.de|Any CPU.ActiveCfg = de|Any CPU
		{3AED3A4C-F3D7-4D29-BF58-85743E4F7AFD}.de|Any CPU.Build.0 = de|Any CPU
		{3AED3A4C-F3D7-4D29-BF58-85743E4F7AFD}.de|Mixed Platforms.ActiveCfg = de|Any CPU
		{3AED3A4C-F3D7-4D29-BF58-85743E4F7AFD}.de|Mixed Platforms.Build.0 = de|Any CPU
		{3AED3A4C-F3D7-4D29-BF58-85743E4F7AFD}.de|x86.ActiveCfg = de|Any CPU
		{3AED3A4C-F3D7-4D29-BF58-85743E4F7AFD}.Debug|Any CPU.ActiveCfg = Debug|Any CPU
		{3AED3A4C-F3D7-4D29-BF58-85743E4F7AFD}.Debug|Any CPU.Build.0 = Debug|Any CPU
		{3AED3A4C-F3D7-4D29-BF58-85743E4F7AFD}.Debug|Mixed Platforms.ActiveCfg = Release|Any CPU
		{3AED3A4C-F3D7-4D29-BF58-85743E4F7AFD}.Debug|Mixed Platforms.Build.0 = Release|Any CPU
		{3AED3A4C-F3D7-4D29-BF58-85743E4F7AFD}.Debug|x86.ActiveCfg = Debug|Any CPU
		{3AED3A4C-F3D7-4D29-BF58-85743E4F7AFD}.DVD-5|Any CPU.ActiveCfg = Debug|Any CPU
		{3AED3A4C-F3D7-4D29-BF58-85743E4F7AFD}.DVD-5|Any CPU.Build.0 = Debug|Any CPU
		{3AED3A4C-F3D7-4D29-BF58-85743E4F7AFD}.DVD-5|Mixed Platforms.ActiveCfg = Release|Any CPU
		{3AED3A4C-F3D7-4D29-BF58-85743E4F7AFD}.DVD-5|Mixed Platforms.Build.0 = Release|Any CPU
		{3AED3A4C-F3D7-4D29-BF58-85743E4F7AFD}.DVD-5|x86.ActiveCfg = Debug|Any CPU
		{3AED3A4C-F3D7-4D29-BF58-85743E4F7AFD}.Release|Any CPU.ActiveCfg = Release|Any CPU
		{3AED3A4C-F3D7-4D29-BF58-85743E4F7AFD}.Release|Any CPU.Build.0 = Release|Any CPU
		{3AED3A4C-F3D7-4D29-BF58-85743E4F7AFD}.Release|Mixed Platforms.ActiveCfg = Release|Any CPU
		{3AED3A4C-F3D7-4D29-BF58-85743E4F7AFD}.Release|Mixed Platforms.Build.0 = Release|Any CPU
		{3AED3A4C-F3D7-4D29-BF58-85743E4F7AFD}.Release|x86.ActiveCfg = Release|Any CPU
		{3AED3A4C-F3D7-4D29-BF58-85743E4F7AFD}.SingleImage|Any CPU.ActiveCfg = Release|Any CPU
		{3AED3A4C-F3D7-4D29-BF58-85743E4F7AFD}.SingleImage|Any CPU.Build.0 = Release|Any CPU
		{3AED3A4C-F3D7-4D29-BF58-85743E4F7AFD}.SingleImage|Mixed Platforms.ActiveCfg = Release|Any CPU
		{3AED3A4C-F3D7-4D29-BF58-85743E4F7AFD}.SingleImage|Mixed Platforms.Build.0 = Release|Any CPU
		{3AED3A4C-F3D7-4D29-BF58-85743E4F7AFD}.SingleImage|x86.ActiveCfg = Release|Any CPU
		{04ED7BE0-8768-4A8D-B1ED-C92CB60789EF}.CD_ROM|Any CPU.ActiveCfg = Release|Any CPU
		{04ED7BE0-8768-4A8D-B1ED-C92CB60789EF}.CD_ROM|Any CPU.Build.0 = Release|Any CPU
		{04ED7BE0-8768-4A8D-B1ED-C92CB60789EF}.CD_ROM|Mixed Platforms.ActiveCfg = Release|Any CPU
		{04ED7BE0-8768-4A8D-B1ED-C92CB60789EF}.CD_ROM|Mixed Platforms.Build.0 = Release|Any CPU
		{04ED7BE0-8768-4A8D-B1ED-C92CB60789EF}.CD_ROM|x86.ActiveCfg = Release|Any CPU
		{04ED7BE0-8768-4A8D-B1ED-C92CB60789EF}.de|Any CPU.ActiveCfg = de|Any CPU
		{04ED7BE0-8768-4A8D-B1ED-C92CB60789EF}.de|Any CPU.Build.0 = de|Any CPU
		{04ED7BE0-8768-4A8D-B1ED-C92CB60789EF}.de|Mixed Platforms.ActiveCfg = de|Any CPU
		{04ED7BE0-8768-4A8D-B1ED-C92CB60789EF}.de|Mixed Platforms.Build.0 = de|Any CPU
		{04ED7BE0-8768-4A8D-B1ED-C92CB60789EF}.de|x86.ActiveCfg = de|Any CPU
		{04ED7BE0-8768-4A8D-B1ED-C92CB60789EF}.Debug|Any CPU.ActiveCfg = Debug|Any CPU
		{04ED7BE0-8768-4A8D-B1ED-C92CB60789EF}.Debug|Any CPU.Build.0 = Debug|Any CPU
		{04ED7BE0-8768-4A8D-B1ED-C92CB60789EF}.Debug|Mixed Platforms.ActiveCfg = Release|Any CPU
		{04ED7BE0-8768-4A8D-B1ED-C92CB60789EF}.Debug|Mixed Platforms.Build.0 = Release|Any CPU
		{04ED7BE0-8768-4A8D-B1ED-C92CB60789EF}.Debug|x86.ActiveCfg = Debug|Any CPU
		{04ED7BE0-8768-4A8D-B1ED-C92CB60789EF}.DVD-5|Any CPU.ActiveCfg = Debug|Any CPU
		{04ED7BE0-8768-4A8D-B1ED-C92CB60789EF}.DVD-5|Any CPU.Build.0 = Debug|Any CPU
		{04ED7BE0-8768-4A8D-B1ED-C92CB60789EF}.DVD-5|Mixed Platforms.ActiveCfg = Release|Any CPU
		{04ED7BE0-8768-4A8D-B1ED-C92CB60789EF}.DVD-5|Mixed Platforms.Build.0 = Release|Any CPU
		{04ED7BE0-8768-4A8D-B1ED-C92CB60789EF}.DVD-5|x86.ActiveCfg = Debug|Any CPU
		{04ED7BE0-8768-4A8D-B1ED-C92CB60789EF}.Release|Any CPU.ActiveCfg = Release|Any CPU
		{04ED7BE0-8768-4A8D-B1ED-C92CB60789EF}.Release|Any CPU.Build.0 = Release|Any CPU
		{04ED7BE0-8768-4A8D-B1ED-C92CB60789EF}.Release|Mixed Platforms.ActiveCfg = Release|Any CPU
		{04ED7BE0-8768-4A8D-B1ED-C92CB60789EF}.Release|Mixed Platforms.Build.0 = Release|Any CPU
		{04ED7BE0-8768-4A8D-B1ED-C92CB60789EF}.Release|x86.ActiveCfg = Release|Any CPU
		{04ED7BE0-8768-4A8D-B1ED-C92CB60789EF}.SingleImage|Any CPU.ActiveCfg = Release|Any CPU
		{04ED7BE0-8768-4A8D-B1ED-C92CB60789EF}.SingleImage|Any CPU.Build.0 = Release|Any CPU
		{04ED7BE0-8768-4A8D-B1ED-C92CB60789EF}.SingleImage|Mixed Platforms.ActiveCfg = Release|Any CPU
		{04ED7BE0-8768-4A8D-B1ED-C92CB60789EF}.SingleImage|Mixed Platforms.Build.0 = Release|Any CPU
		{04ED7BE0-8768-4A8D-B1ED-C92CB60789EF}.SingleImage|x86.ActiveCfg = Release|Any CPU
		{AE519041-8D61-4B85-9770-69743DB051F7}.CD_ROM|Any CPU.ActiveCfg = Release|Any CPU
		{AE519041-8D61-4B85-9770-69743DB051F7}.CD_ROM|Any CPU.Build.0 = Release|Any CPU
		{AE519041-8D61-4B85-9770-69743DB051F7}.CD_ROM|Mixed Platforms.ActiveCfg = Release|Any CPU
		{AE519041-8D61-4B85-9770-69743DB051F7}.CD_ROM|Mixed Platforms.Build.0 = Release|Any CPU
		{AE519041-8D61-4B85-9770-69743DB051F7}.CD_ROM|x86.ActiveCfg = Release|Any CPU
		{AE519041-8D61-4B85-9770-69743DB051F7}.de|Any CPU.ActiveCfg = de|Any CPU
		{AE519041-8D61-4B85-9770-69743DB051F7}.de|Any CPU.Build.0 = de|Any CPU
		{AE519041-8D61-4B85-9770-69743DB051F7}.de|Mixed Platforms.ActiveCfg = de|Any CPU
		{AE519041-8D61-4B85-9770-69743DB051F7}.de|Mixed Platforms.Build.0 = de|Any CPU
		{AE519041-8D61-4B85-9770-69743DB051F7}.de|x86.ActiveCfg = de|Any CPU
		{AE519041-8D61-4B85-9770-69743DB051F7}.Debug|Any CPU.ActiveCfg = Debug|Any CPU
		{AE519041-8D61-4B85-9770-69743DB051F7}.Debug|Any CPU.Build.0 = Debug|Any CPU
		{AE519041-8D61-4B85-9770-69743DB051F7}.Debug|Mixed Platforms.ActiveCfg = Release|Any CPU
		{AE519041-8D61-4B85-9770-69743DB051F7}.Debug|Mixed Platforms.Build.0 = Release|Any CPU
		{AE519041-8D61-4B85-9770-69743DB051F7}.Debug|x86.ActiveCfg = Debug|Any CPU
		{AE519041-8D61-4B85-9770-69743DB051F7}.DVD-5|Any CPU.ActiveCfg = Debug|Any CPU
		{AE519041-8D61-4B85-9770-69743DB051F7}.DVD-5|Any CPU.Build.0 = Debug|Any CPU
		{AE519041-8D61-4B85-9770-69743DB051F7}.DVD-5|Mixed Platforms.ActiveCfg = Release|Any CPU
		{AE519041-8D61-4B85-9770-69743DB051F7}.DVD-5|Mixed Platforms.Build.0 = Release|Any CPU
		{AE519041-8D61-4B85-9770-69743DB051F7}.DVD-5|x86.ActiveCfg = Debug|Any CPU
		{AE519041-8D61-4B85-9770-69743DB051F7}.Release|Any CPU.ActiveCfg = Release|Any CPU
		{AE519041-8D61-4B85-9770-69743DB051F7}.Release|Any CPU.Build.0 = Release|Any CPU
		{AE519041-8D61-4B85-9770-69743DB051F7}.Release|Mixed Platforms.ActiveCfg = Release|Any CPU
		{AE519041-8D61-4B85-9770-69743DB051F7}.Release|Mixed Platforms.Build.0 = Release|Any CPU
		{AE519041-8D61-4B85-9770-69743DB051F7}.Release|x86.ActiveCfg = Release|Any CPU
		{AE519041-8D61-4B85-9770-69743DB051F7}.SingleImage|Any CPU.ActiveCfg = Release|Any CPU
		{AE519041-8D61-4B85-9770-69743DB051F7}.SingleImage|Any CPU.Build.0 = Release|Any CPU
		{AE519041-8D61-4B85-9770-69743DB051F7}.SingleImage|Mixed Platforms.ActiveCfg = Release|Any CPU
		{AE519041-8D61-4B85-9770-69743DB051F7}.SingleImage|Mixed Platforms.Build.0 = Release|Any CPU
		{AE519041-8D61-4B85-9770-69743DB051F7}.SingleImage|x86.ActiveCfg = Release|Any CPU
		{FEDA2199-91CD-4AF1-B571-4AA2E8371A18}.CD_ROM|Any CPU.ActiveCfg = Release|Any CPU
		{FEDA2199-91CD-4AF1-B571-4AA2E8371A18}.CD_ROM|Any CPU.Build.0 = Release|Any CPU
		{FEDA2199-91CD-4AF1-B571-4AA2E8371A18}.CD_ROM|Mixed Platforms.ActiveCfg = Release|Any CPU
		{FEDA2199-91CD-4AF1-B571-4AA2E8371A18}.CD_ROM|Mixed Platforms.Build.0 = Release|Any CPU
		{FEDA2199-91CD-4AF1-B571-4AA2E8371A18}.CD_ROM|x86.ActiveCfg = Release|Any CPU
		{FEDA2199-91CD-4AF1-B571-4AA2E8371A18}.de|Any CPU.ActiveCfg = de|Any CPU
		{FEDA2199-91CD-4AF1-B571-4AA2E8371A18}.de|Any CPU.Build.0 = de|Any CPU
		{FEDA2199-91CD-4AF1-B571-4AA2E8371A18}.de|Mixed Platforms.ActiveCfg = de|Any CPU
		{FEDA2199-91CD-4AF1-B571-4AA2E8371A18}.de|Mixed Platforms.Build.0 = de|Any CPU
		{FEDA2199-91CD-4AF1-B571-4AA2E8371A18}.de|x86.ActiveCfg = de|Any CPU
		{FEDA2199-91CD-4AF1-B571-4AA2E8371A18}.Debug|Any CPU.ActiveCfg = Debug|Any CPU
		{FEDA2199-91CD-4AF1-B571-4AA2E8371A18}.Debug|Any CPU.Build.0 = Debug|Any CPU
		{FEDA2199-91CD-4AF1-B571-4AA2E8371A18}.Debug|Mixed Platforms.ActiveCfg = Release|Any CPU
		{FEDA2199-91CD-4AF1-B571-4AA2E8371A18}.Debug|Mixed Platforms.Build.0 = Release|Any CPU
		{FEDA2199-91CD-4AF1-B571-4AA2E8371A18}.Debug|x86.ActiveCfg = Debug|Any CPU
		{FEDA2199-91CD-4AF1-B571-4AA2E8371A18}.DVD-5|Any CPU.ActiveCfg = Debug|Any CPU
		{FEDA2199-91CD-4AF1-B571-4AA2E8371A18}.DVD-5|Any CPU.Build.0 = Debug|Any CPU
		{FEDA2199-91CD-4AF1-B571-4AA2E8371A18}.DVD-5|Mixed Platforms.ActiveCfg = Release|Any CPU
		{FEDA2199-91CD-4AF1-B571-4AA2E8371A18}.DVD-5|Mixed Platforms.Build.0 = Release|Any CPU
		{FEDA2199-91CD-4AF1-B571-4AA2E8371A18}.DVD-5|x86.ActiveCfg = Debug|Any CPU
		{FEDA2199-91CD-4AF1-B571-4AA2E8371A18}.Release|Any CPU.ActiveCfg = Release|Any CPU
		{FEDA2199-91CD-4AF1-B571-4AA2E8371A18}.Release|Any CPU.Build.0 = Release|Any CPU
		{FEDA2199-91CD-4AF1-B571-4AA2E8371A18}.Release|Mixed Platforms.ActiveCfg = Release|Any CPU
		{FEDA2199-91CD-4AF1-B571-4AA2E8371A18}.Release|Mixed Platforms.Build.0 = Release|Any CPU
		{FEDA2199-91CD-4AF1-B571-4AA2E8371A18}.Release|x86.ActiveCfg = Release|Any CPU
		{FEDA2199-91CD-4AF1-B571-4AA2E8371A18}.SingleImage|Any CPU.ActiveCfg = Release|Any CPU
		{FEDA2199-91CD-4AF1-B571-4AA2E8371A18}.SingleImage|Any CPU.Build.0 = Release|Any CPU
		{FEDA2199-91CD-4AF1-B571-4AA2E8371A18}.SingleImage|Mixed Platforms.ActiveCfg = Release|Any CPU
		{FEDA2199-91CD-4AF1-B571-4AA2E8371A18}.SingleImage|Mixed Platforms.Build.0 = Release|Any CPU
		{FEDA2199-91CD-4AF1-B571-4AA2E8371A18}.SingleImage|x86.ActiveCfg = Release|Any CPU
		{E93B6838-9B18-4718-AB7B-2EA5232518C3}.CD_ROM|Any CPU.ActiveCfg = Release|Any CPU
		{E93B6838-9B18-4718-AB7B-2EA5232518C3}.CD_ROM|Any CPU.Build.0 = Release|Any CPU
		{E93B6838-9B18-4718-AB7B-2EA5232518C3}.CD_ROM|Mixed Platforms.ActiveCfg = Release|Any CPU
		{E93B6838-9B18-4718-AB7B-2EA5232518C3}.CD_ROM|Mixed Platforms.Build.0 = Release|Any CPU
		{E93B6838-9B18-4718-AB7B-2EA5232518C3}.CD_ROM|x86.ActiveCfg = Release|Any CPU
		{E93B6838-9B18-4718-AB7B-2EA5232518C3}.de|Any CPU.ActiveCfg = de|Any CPU
		{E93B6838-9B18-4718-AB7B-2EA5232518C3}.de|Any CPU.Build.0 = de|Any CPU
		{E93B6838-9B18-4718-AB7B-2EA5232518C3}.de|Mixed Platforms.ActiveCfg = de|Any CPU
		{E93B6838-9B18-4718-AB7B-2EA5232518C3}.de|Mixed Platforms.Build.0 = de|Any CPU
		{E93B6838-9B18-4718-AB7B-2EA5232518C3}.de|x86.ActiveCfg = de|Any CPU
		{E93B6838-9B18-4718-AB7B-2EA5232518C3}.Debug|Any CPU.ActiveCfg = Debug|Any CPU
		{E93B6838-9B18-4718-AB7B-2EA5232518C3}.Debug|Any CPU.Build.0 = Debug|Any CPU
		{E93B6838-9B18-4718-AB7B-2EA5232518C3}.Debug|Mixed Platforms.ActiveCfg = Release|Any CPU
		{E93B6838-9B18-4718-AB7B-2EA5232518C3}.Debug|Mixed Platforms.Build.0 = Release|Any CPU
		{E93B6838-9B18-4718-AB7B-2EA5232518C3}.Debug|x86.ActiveCfg = Debug|Any CPU
		{E93B6838-9B18-4718-AB7B-2EA5232518C3}.DVD-5|Any CPU.ActiveCfg = Debug|Any CPU
		{E93B6838-9B18-4718-AB7B-2EA5232518C3}.DVD-5|Any CPU.Build.0 = Debug|Any CPU
		{E93B6838-9B18-4718-AB7B-2EA5232518C3}.DVD-5|Mixed Platforms.ActiveCfg = Release|Any CPU
		{E93B6838-9B18-4718-AB7B-2EA5232518C3}.DVD-5|Mixed Platforms.Build.0 = Release|Any CPU
		{E93B6838-9B18-4718-AB7B-2EA5232518C3}.DVD-5|x86.ActiveCfg = Debug|Any CPU
		{E93B6838-9B18-4718-AB7B-2EA5232518C3}.Release|Any CPU.ActiveCfg = Release|Any CPU
		{E93B6838-9B18-4718-AB7B-2EA5232518C3}.Release|Any CPU.Build.0 = Release|Any CPU
		{E93B6838-9B18-4718-AB7B-2EA5232518C3}.Release|Mixed Platforms.ActiveCfg = Release|Any CPU
		{E93B6838-9B18-4718-AB7B-2EA5232518C3}.Release|Mixed Platforms.Build.0 = Release|Any CPU
		{E93B6838-9B18-4718-AB7B-2EA5232518C3}.Release|x86.ActiveCfg = Release|Any CPU
		{E93B6838-9B18-4718-AB7B-2EA5232518C3}.SingleImage|Any CPU.ActiveCfg = Release|Any CPU
		{E93B6838-9B18-4718-AB7B-2EA5232518C3}.SingleImage|Any CPU.Build.0 = Release|Any CPU
		{E93B6838-9B18-4718-AB7B-2EA5232518C3}.SingleImage|Mixed Platforms.ActiveCfg = Release|Any CPU
		{E93B6838-9B18-4718-AB7B-2EA5232518C3}.SingleImage|Mixed Platforms.Build.0 = Release|Any CPU
		{E93B6838-9B18-4718-AB7B-2EA5232518C3}.SingleImage|x86.ActiveCfg = Release|Any CPU
		{406B96A6-C886-4149-AD88-A2402EDB2B90}.CD_ROM|Any CPU.ActiveCfg = Release|Any CPU
		{406B96A6-C886-4149-AD88-A2402EDB2B90}.CD_ROM|Any CPU.Build.0 = Release|Any CPU
		{406B96A6-C886-4149-AD88-A2402EDB2B90}.CD_ROM|Mixed Platforms.ActiveCfg = Release|Any CPU
		{406B96A6-C886-4149-AD88-A2402EDB2B90}.CD_ROM|Mixed Platforms.Build.0 = Release|Any CPU
		{406B96A6-C886-4149-AD88-A2402EDB2B90}.CD_ROM|x86.ActiveCfg = Release|Any CPU
		{406B96A6-C886-4149-AD88-A2402EDB2B90}.de|Any CPU.ActiveCfg = de|Any CPU
		{406B96A6-C886-4149-AD88-A2402EDB2B90}.de|Any CPU.Build.0 = de|Any CPU
		{406B96A6-C886-4149-AD88-A2402EDB2B90}.de|Mixed Platforms.ActiveCfg = de|Any CPU
		{406B96A6-C886-4149-AD88-A2402EDB2B90}.de|Mixed Platforms.Build.0 = de|Any CPU
		{406B96A6-C886-4149-AD88-A2402EDB2B90}.de|x86.ActiveCfg = de|Any CPU
		{406B96A6-C886-4149-AD88-A2402EDB2B90}.Debug|Any CPU.ActiveCfg = Debug|Any CPU
		{406B96A6-C886-4149-AD88-A2402EDB2B90}.Debug|Any CPU.Build.0 = Debug|Any CPU
		{406B96A6-C886-4149-AD88-A2402EDB2B90}.Debug|Mixed Platforms.ActiveCfg = Release|Any CPU
		{406B96A6-C886-4149-AD88-A2402EDB2B90}.Debug|Mixed Platforms.Build.0 = Release|Any CPU
		{406B96A6-C886-4149-AD88-A2402EDB2B90}.Debug|x86.ActiveCfg = Debug|Any CPU
		{406B96A6-C886-4149-AD88-A2402EDB2B90}.DVD-5|Any CPU.ActiveCfg = Debug|Any CPU
		{406B96A6-C886-4149-AD88-A2402EDB2B90}.DVD-5|Any CPU.Build.0 = Debug|Any CPU
		{406B96A6-C886-4149-AD88-A2402EDB2B90}.DVD-5|Mixed Platforms.ActiveCfg = Release|Any CPU
		{406B96A6-C886-4149-AD88-A2402EDB2B90}.DVD-5|Mixed Platforms.Build.0 = Release|Any CPU
		{406B96A6-C886-4149-AD88-A2402EDB2B90}.DVD-5|x86.ActiveCfg = Debug|Any CPU
		{406B96A6-C886-4149-AD88-A2402EDB2B90}.Release|Any CPU.ActiveCfg = Release|Any CPU
		{406B96A6-C886-4149-AD88-A2402EDB2B90}.Release|Any CPU.Build.0 = Release|Any CPU
		{406B96A6-C886-4149-AD88-A2402EDB2B90}.Release|Mixed Platforms.ActiveCfg = Release|Any CPU
		{406B96A6-C886-4149-AD88-A2402EDB2B90}.Release|Mixed Platforms.Build.0 = Release|Any CPU
		{406B96A6-C886-4149-AD88-A2402EDB2B90}.Release|x86.ActiveCfg = Release|Any CPU
		{406B96A6-C886-4149-AD88-A2402EDB2B90}.SingleImage|Any CPU.ActiveCfg = Release|Any CPU
		{406B96A6-C886-4149-AD88-A2402EDB2B90}.SingleImage|Any CPU.Build.0 = Release|Any CPU
		{406B96A6-C886-4149-AD88-A2402EDB2B90}.SingleImage|Mixed Platforms.ActiveCfg = Release|Any CPU
		{406B96A6-C886-4149-AD88-A2402EDB2B90}.SingleImage|Mixed Platforms.Build.0 = Release|Any CPU
		{406B96A6-C886-4149-AD88-A2402EDB2B90}.SingleImage|x86.ActiveCfg = Release|Any CPU
		{512FD53F-9AD1-46A1-A961-9FABDFAD50C5}.CD_ROM|Any CPU.ActiveCfg = Release|Any CPU
		{512FD53F-9AD1-46A1-A961-9FABDFAD50C5}.CD_ROM|Any CPU.Build.0 = Release|Any CPU
		{512FD53F-9AD1-46A1-A961-9FABDFAD50C5}.CD_ROM|Mixed Platforms.ActiveCfg = Release|Any CPU
		{512FD53F-9AD1-46A1-A961-9FABDFAD50C5}.CD_ROM|Mixed Platforms.Build.0 = Release|Any CPU
		{512FD53F-9AD1-46A1-A961-9FABDFAD50C5}.CD_ROM|x86.ActiveCfg = Release|Any CPU
		{512FD53F-9AD1-46A1-A961-9FABDFAD50C5}.de|Any CPU.ActiveCfg = de|Any CPU
		{512FD53F-9AD1-46A1-A961-9FABDFAD50C5}.de|Any CPU.Build.0 = de|Any CPU
		{512FD53F-9AD1-46A1-A961-9FABDFAD50C5}.de|Mixed Platforms.ActiveCfg = de|Any CPU
		{512FD53F-9AD1-46A1-A961-9FABDFAD50C5}.de|Mixed Platforms.Build.0 = de|Any CPU
		{512FD53F-9AD1-46A1-A961-9FABDFAD50C5}.de|x86.ActiveCfg = de|Any CPU
		{512FD53F-9AD1-46A1-A961-9FABDFAD50C5}.Debug|Any CPU.ActiveCfg = Debug|Any CPU
		{512FD53F-9AD1-46A1-A961-9FABDFAD50C5}.Debug|Any CPU.Build.0 = Debug|Any CPU
		{512FD53F-9AD1-46A1-A961-9FABDFAD50C5}.Debug|Mixed Platforms.ActiveCfg = Release|Any CPU
		{512FD53F-9AD1-46A1-A961-9FABDFAD50C5}.Debug|Mixed Platforms.Build.0 = Release|Any CPU
		{512FD53F-9AD1-46A1-A961-9FABDFAD50C5}.Debug|Mixed Platforms.Deploy.0 = Debug|Any CPU
		{512FD53F-9AD1-46A1-A961-9FABDFAD50C5}.Debug|x86.ActiveCfg = Debug|Any CPU
		{512FD53F-9AD1-46A1-A961-9FABDFAD50C5}.DVD-5|Any CPU.ActiveCfg = Debug|Any CPU
		{512FD53F-9AD1-46A1-A961-9FABDFAD50C5}.DVD-5|Any CPU.Build.0 = Debug|Any CPU
		{512FD53F-9AD1-46A1-A961-9FABDFAD50C5}.DVD-5|Mixed Platforms.ActiveCfg = Release|Any CPU
		{512FD53F-9AD1-46A1-A961-9FABDFAD50C5}.DVD-5|Mixed Platforms.Build.0 = Release|Any CPU
		{512FD53F-9AD1-46A1-A961-9FABDFAD50C5}.DVD-5|Mixed Platforms.Deploy.0 = Debug|Any CPU
		{512FD53F-9AD1-46A1-A961-9FABDFAD50C5}.DVD-5|x86.ActiveCfg = Debug|Any CPU
		{512FD53F-9AD1-46A1-A961-9FABDFAD50C5}.Release|Any CPU.ActiveCfg = Release|Any CPU
		{512FD53F-9AD1-46A1-A961-9FABDFAD50C5}.Release|Any CPU.Build.0 = Release|Any CPU
		{512FD53F-9AD1-46A1-A961-9FABDFAD50C5}.Release|Mixed Platforms.ActiveCfg = Release|Any CPU
		{512FD53F-9AD1-46A1-A961-9FABDFAD50C5}.Release|Mixed Platforms.Build.0 = Release|Any CPU
		{512FD53F-9AD1-46A1-A961-9FABDFAD50C5}.Release|x86.ActiveCfg = Release|Any CPU
		{512FD53F-9AD1-46A1-A961-9FABDFAD50C5}.SingleImage|Any CPU.ActiveCfg = Release|Any CPU
		{512FD53F-9AD1-46A1-A961-9FABDFAD50C5}.SingleImage|Any CPU.Build.0 = Release|Any CPU
		{512FD53F-9AD1-46A1-A961-9FABDFAD50C5}.SingleImage|Mixed Platforms.ActiveCfg = Release|Any CPU
		{512FD53F-9AD1-46A1-A961-9FABDFAD50C5}.SingleImage|Mixed Platforms.Build.0 = Release|Any CPU
		{512FD53F-9AD1-46A1-A961-9FABDFAD50C5}.SingleImage|x86.ActiveCfg = Release|Any CPU
		{7168F82F-288A-42C4-9EB1-FBBE5112F211}.CD_ROM|Any CPU.ActiveCfg = Release|Any CPU
		{7168F82F-288A-42C4-9EB1-FBBE5112F211}.CD_ROM|Any CPU.Build.0 = Release|Any CPU
		{7168F82F-288A-42C4-9EB1-FBBE5112F211}.CD_ROM|Mixed Platforms.ActiveCfg = Release|Any CPU
		{7168F82F-288A-42C4-9EB1-FBBE5112F211}.CD_ROM|Mixed Platforms.Build.0 = Release|Any CPU
		{7168F82F-288A-42C4-9EB1-FBBE5112F211}.CD_ROM|x86.ActiveCfg = Release|Any CPU
		{7168F82F-288A-42C4-9EB1-FBBE5112F211}.de|Any CPU.ActiveCfg = de|Any CPU
		{7168F82F-288A-42C4-9EB1-FBBE5112F211}.de|Any CPU.Build.0 = de|Any CPU
		{7168F82F-288A-42C4-9EB1-FBBE5112F211}.de|Mixed Platforms.ActiveCfg = de|Any CPU
		{7168F82F-288A-42C4-9EB1-FBBE5112F211}.de|Mixed Platforms.Build.0 = de|Any CPU
		{7168F82F-288A-42C4-9EB1-FBBE5112F211}.de|x86.ActiveCfg = de|Any CPU
		{7168F82F-288A-42C4-9EB1-FBBE5112F211}.Debug|Any CPU.ActiveCfg = Debug|Any CPU
		{7168F82F-288A-42C4-9EB1-FBBE5112F211}.Debug|Any CPU.Build.0 = Debug|Any CPU
		{7168F82F-288A-42C4-9EB1-FBBE5112F211}.Debug|Mixed Platforms.ActiveCfg = Release|Any CPU
		{7168F82F-288A-42C4-9EB1-FBBE5112F211}.Debug|Mixed Platforms.Build.0 = Release|Any CPU
		{7168F82F-288A-42C4-9EB1-FBBE5112F211}.Debug|x86.ActiveCfg = Debug|Any CPU
		{7168F82F-288A-42C4-9EB1-FBBE5112F211}.DVD-5|Any CPU.ActiveCfg = Debug|Any CPU
		{7168F82F-288A-42C4-9EB1-FBBE5112F211}.DVD-5|Any CPU.Build.0 = Debug|Any CPU
		{7168F82F-288A-42C4-9EB1-FBBE5112F211}.DVD-5|Mixed Platforms.ActiveCfg = Release|Any CPU
		{7168F82F-288A-42C4-9EB1-FBBE5112F211}.DVD-5|Mixed Platforms.Build.0 = Release|Any CPU
		{7168F82F-288A-42C4-9EB1-FBBE5112F211}.DVD-5|x86.ActiveCfg = Debug|Any CPU
		{7168F82F-288A-42C4-9EB1-FBBE5112F211}.Release|Any CPU.ActiveCfg = Release|Any CPU
		{7168F82F-288A-42C4-9EB1-FBBE5112F211}.Release|Any CPU.Build.0 = Release|Any CPU
		{7168F82F-288A-42C4-9EB1-FBBE5112F211}.Release|Mixed Platforms.ActiveCfg = Release|Any CPU
		{7168F82F-288A-42C4-9EB1-FBBE5112F211}.Release|Mixed Platforms.Build.0 = Release|Any CPU
		{7168F82F-288A-42C4-9EB1-FBBE5112F211}.Release|x86.ActiveCfg = Release|Any CPU
		{7168F82F-288A-42C4-9EB1-FBBE5112F211}.SingleImage|Any CPU.ActiveCfg = Release|Any CPU
		{7168F82F-288A-42C4-9EB1-FBBE5112F211}.SingleImage|Any CPU.Build.0 = Release|Any CPU
		{7168F82F-288A-42C4-9EB1-FBBE5112F211}.SingleImage|Mixed Platforms.ActiveCfg = Release|Any CPU
		{7168F82F-288A-42C4-9EB1-FBBE5112F211}.SingleImage|Mixed Platforms.Build.0 = Release|Any CPU
		{7168F82F-288A-42C4-9EB1-FBBE5112F211}.SingleImage|x86.ActiveCfg = Release|Any CPU
		{23A725F8-C11B-4244-ADA7-9EB02351F815}.CD_ROM|Any CPU.ActiveCfg = Release|Any CPU
		{23A725F8-C11B-4244-ADA7-9EB02351F815}.CD_ROM|Any CPU.Build.0 = Release|Any CPU
		{23A725F8-C11B-4244-ADA7-9EB02351F815}.CD_ROM|Mixed Platforms.ActiveCfg = Release|Any CPU
		{23A725F8-C11B-4244-ADA7-9EB02351F815}.CD_ROM|Mixed Platforms.Build.0 = Release|Any CPU
		{23A725F8-C11B-4244-ADA7-9EB02351F815}.CD_ROM|x86.ActiveCfg = Release|Any CPU
		{23A725F8-C11B-4244-ADA7-9EB02351F815}.de|Any CPU.ActiveCfg = de|Any CPU
		{23A725F8-C11B-4244-ADA7-9EB02351F815}.de|Any CPU.Build.0 = de|Any CPU
		{23A725F8-C11B-4244-ADA7-9EB02351F815}.de|Mixed Platforms.ActiveCfg = de|Any CPU
		{23A725F8-C11B-4244-ADA7-9EB02351F815}.de|Mixed Platforms.Build.0 = de|Any CPU
		{23A725F8-C11B-4244-ADA7-9EB02351F815}.de|x86.ActiveCfg = de|Any CPU
		{23A725F8-C11B-4244-ADA7-9EB02351F815}.Debug|Any CPU.ActiveCfg = Debug|Any CPU
		{23A725F8-C11B-4244-ADA7-9EB02351F815}.Debug|Any CPU.Build.0 = Debug|Any CPU
		{23A725F8-C11B-4244-ADA7-9EB02351F815}.Debug|Mixed Platforms.ActiveCfg = Release|Any CPU
		{23A725F8-C11B-4244-ADA7-9EB02351F815}.Debug|Mixed Platforms.Build.0 = Release|Any CPU
		{23A725F8-C11B-4244-ADA7-9EB02351F815}.Debug|x86.ActiveCfg = Debug|Any CPU
		{23A725F8-C11B-4244-ADA7-9EB02351F815}.DVD-5|Any CPU.ActiveCfg = Debug|Any CPU
		{23A725F8-C11B-4244-ADA7-9EB02351F815}.DVD-5|Any CPU.Build.0 = Debug|Any CPU
		{23A725F8-C11B-4244-ADA7-9EB02351F815}.DVD-5|Mixed Platforms.ActiveCfg = Release|Any CPU
		{23A725F8-C11B-4244-ADA7-9EB02351F815}.DVD-5|Mixed Platforms.Build.0 = Release|Any CPU
		{23A725F8-C11B-4244-ADA7-9EB02351F815}.DVD-5|x86.ActiveCfg = Debug|Any CPU
		{23A725F8-C11B-4244-ADA7-9EB02351F815}.Release|Any CPU.ActiveCfg = Release|Any CPU
		{23A725F8-C11B-4244-ADA7-9EB02351F815}.Release|Any CPU.Build.0 = Release|Any CPU
		{23A725F8-C11B-4244-ADA7-9EB02351F815}.Release|Mixed Platforms.ActiveCfg = Release|Any CPU
		{23A725F8-C11B-4244-ADA7-9EB02351F815}.Release|Mixed Platforms.Build.0 = Release|Any CPU
		{23A725F8-C11B-4244-ADA7-9EB02351F815}.Release|x86.ActiveCfg = Release|Any CPU
		{23A725F8-C11B-4244-ADA7-9EB02351F815}.SingleImage|Any CPU.ActiveCfg = Release|Any CPU
		{23A725F8-C11B-4244-ADA7-9EB02351F815}.SingleImage|Any CPU.Build.0 = Release|Any CPU
		{23A725F8-C11B-4244-ADA7-9EB02351F815}.SingleImage|Mixed Platforms.ActiveCfg = Release|Any CPU
		{23A725F8-C11B-4244-ADA7-9EB02351F815}.SingleImage|Mixed Platforms.Build.0 = Release|Any CPU
		{23A725F8-C11B-4244-ADA7-9EB02351F815}.SingleImage|x86.ActiveCfg = Release|Any CPU
	EndGlobalSection
	GlobalSection(SolutionProperties) = preSolution
		HideSolutionNode = FALSE
	EndGlobalSection
	GlobalSection(NestedProjects) = preSolution
		{B58CBF09-52EA-4466-B5D2-2664018E7561} = {EBD09D7D-66B5-4DA4-ABB3-3F511769CF7D}
		{99E9B82C-E727-4EB2-B6E3-9A9DC955F3F6} = {EBD09D7D-66B5-4DA4-ABB3-3F511769CF7D}
		{BF4FA34A-A4C9-4BEC-90C4-AA09483582BB} = {EBD09D7D-66B5-4DA4-ABB3-3F511769CF7D}
		{FE1A894E-D55E-4CEA-980A-1C678A2453FC} = {EBD09D7D-66B5-4DA4-ABB3-3F511769CF7D}
		{A31255F4-E8D8-4D8E-B25A-48FB7ED059F5} = {EBD09D7D-66B5-4DA4-ABB3-3F511769CF7D}
		{04ED7BE0-8768-4A8D-B1ED-C92CB60789EF} = {EBD09D7D-66B5-4DA4-ABB3-3F511769CF7D}
		{2386F6A0-91B2-4D1A-8DBC-92109924AFFE} = {CCCD8759-7910-4C0A-9989-E92253D94703}
		{47B51F0A-26F8-49A8-AAC9-2DD31CC15F27} = {CCCD8759-7910-4C0A-9989-E92253D94703}
		{B184E8F8-A507-4C3D-B580-184E3776A95C} = {4E2BB083-56B6-4323-9620-3F53F0774609}
		{2D64F506-D566-4CA5-A19C-BCB5F9A2E7F4} = {4E2BB083-56B6-4323-9620-3F53F0774609}
		{406B96A6-C886-4149-AD88-A2402EDB2B90} = {4E2BB083-56B6-4323-9620-3F53F0774609}
		{3AED3A4C-F3D7-4D29-BF58-85743E4F7AFD} = {FEC2F6B9-AF96-49AC-8598-9F66FE8D130D}
		{FEDA2199-91CD-4AF1-B571-4AA2E8371A18} = {FEC2F6B9-AF96-49AC-8598-9F66FE8D130D}
		{6A64EA38-3CED-4810-BB79-0EBA0A70B38E} = {99E9B82C-E727-4EB2-B6E3-9A9DC955F3F6}
		{9E6FF3D9-BAE7-4E48-B144-0859BE28C570} = {99E9B82C-E727-4EB2-B6E3-9A9DC955F3F6}
		{1AE61C89-EBFD-498D-9F53-6319B302CDBF} = {99E9B82C-E727-4EB2-B6E3-9A9DC955F3F6}
		{1544262A-3EC9-413F-9165-7CF69A15B4CF} = {99E9B82C-E727-4EB2-B6E3-9A9DC955F3F6}
		{8DA03815-ED56-40C5-83CA-6DFBB1F19C4F} = {99E9B82C-E727-4EB2-B6E3-9A9DC955F3F6}
		{3B7CF671-E246-4284-9DEB-F7F8CD784ED1} = {99E9B82C-E727-4EB2-B6E3-9A9DC955F3F6}
		{4F2C080C-FF9C-4604-8DAF-C5732BC17A05} = {99E9B82C-E727-4EB2-B6E3-9A9DC955F3F6}
		{9497C48E-B9B5-4869-820E-09ECE4347632} = {99E9B82C-E727-4EB2-B6E3-9A9DC955F3F6}
		{EDEF0022-075C-4DEC-853F-6558F9E8438A} = {99E9B82C-E727-4EB2-B6E3-9A9DC955F3F6}
		{AE519041-8D61-4B85-9770-69743DB051F7} = {99E9B82C-E727-4EB2-B6E3-9A9DC955F3F6}
		{E93B6838-9B18-4718-AB7B-2EA5232518C3} = {99E9B82C-E727-4EB2-B6E3-9A9DC955F3F6}
		{23A725F8-C11B-4244-ADA7-9EB02351F815} = {99E9B82C-E727-4EB2-B6E3-9A9DC955F3F6}
		{A3082956-9EE4-4B35-9B4E-B07D0C4C8B56} = {BF4FA34A-A4C9-4BEC-90C4-AA09483582BB}
		{434D497A-D439-44C8-84A5-5301B572708F} = {BF4FA34A-A4C9-4BEC-90C4-AA09483582BB}
		{512FD53F-9AD1-46A1-A961-9FABDFAD50C5} = {BF4FA34A-A4C9-4BEC-90C4-AA09483582BB}
		{7168F82F-288A-42C4-9EB1-FBBE5112F211} = {BF4FA34A-A4C9-4BEC-90C4-AA09483582BB}
		{413B698C-0D7D-4FCD-9F16-AF51AED4E647} = {8090D262-C7F1-4EFE-93F8-1B71BD23B627}
		{C23F85CE-17B7-4A7D-9FEB-9189EA1D53D6} = {8090D262-C7F1-4EFE-93F8-1B71BD23B627}
	EndGlobalSection
EndGlobal
