
Microsoft Visual Studio Solution File, Format Version 12.00
# Visual Studio 2012
Project("{FAE04EC0-301F-11D3-BF4B-00C04F79EFBC}") = "Samba.Modules.CidMonitor", "Samba.Modules.CidMonitor.csproj", "{629A2D7C-9014-4A85-A1E9-26161D5B3043}"
EndProject
Global
	GlobalSection(SolutionConfigurationPlatforms) = preSolution
		de|Any CPU = de|Any CPU
		Debug|Any CPU = Debug|Any CPU
		Release|Any CPU = Release|Any CPU
	EndGlobalSection
	GlobalSection(ProjectConfigurationPlatforms) = postSolution
		{629A2D7C-9014-4A85-A1E9-26161D5B3043}.de|Any CPU.ActiveCfg = de|Any CPU
		{629A2D7C-9014-4A85-A1E9-26161D5B3043}.de|Any CPU.Build.0 = de|Any CPU
		{629A2D7C-9014-4A85-A1E9-26161D5B3043}.Debug|Any CPU.ActiveCfg = Debug|Any CPU
		{629A2D7C-9014-4A85-A1E9-26161D5B3043}.Debug|Any CPU.Build.0 = Debug|Any CPU
		{629A2D7C-9014-4A85-A1E9-26161D5B3043}.Release|Any CPU.ActiveCfg = Release|Any CPU
		{629A2D7C-9014-4A85-A1E9-26161D5B3043}.Release|Any CPU.Build.0 = Release|Any CPU
	EndGlobalSection
	GlobalSection(SolutionProperties) = preSolution
		HideSolutionNode = FALSE
	EndGlobalSection
EndGlobal
